# This file is generated by running "yarn install" inside your project.
# Manual changes might be lost - proceed with caution!

__metadata:
  version: 8
  cacheKey: 10c0

"@esbuild/android-arm64@npm:0.19.5":
  version: 0.19.5
  resolution: "@esbuild/android-arm64@npm:0.19.5"
  conditions: os=android & cpu=arm64
  languageName: node
  linkType: hard

"@esbuild/android-arm@npm:0.19.5":
  version: 0.19.5
  resolution: "@esbuild/android-arm@npm:0.19.5"
  conditions: os=android & cpu=arm
  languageName: node
  linkType: hard

"@esbuild/android-x64@npm:0.19.5":
  version: 0.19.5
  resolution: "@esbuild/android-x64@npm:0.19.5"
  conditions: os=android & cpu=x64
  languageName: node
  linkType: hard

"@esbuild/darwin-arm64@npm:0.19.5":
  version: 0.19.5
  resolution: "@esbuild/darwin-arm64@npm:0.19.5"
  conditions: os=darwin & cpu=arm64
  languageName: node
  linkType: hard

"@esbuild/darwin-x64@npm:0.19.5":
  version: 0.19.5
  resolution: "@esbuild/darwin-x64@npm:0.19.5"
  conditions: os=darwin & cpu=x64
  languageName: node
  linkType: hard

"@esbuild/freebsd-arm64@npm:0.19.5":
  version: 0.19.5
  resolution: "@esbuild/freebsd-arm64@npm:0.19.5"
  conditions: os=freebsd & cpu=arm64
  languageName: node
  linkType: hard

"@esbuild/freebsd-x64@npm:0.19.5":
  version: 0.19.5
  resolution: "@esbuild/freebsd-x64@npm:0.19.5"
  conditions: os=freebsd & cpu=x64
  languageName: node
  linkType: hard

"@esbuild/linux-arm64@npm:0.19.5":
  version: 0.19.5
  resolution: "@esbuild/linux-arm64@npm:0.19.5"
  conditions: os=linux & cpu=arm64
  languageName: node
  linkType: hard

"@esbuild/linux-arm@npm:0.19.5":
  version: 0.19.5
  resolution: "@esbuild/linux-arm@npm:0.19.5"
  conditions: os=linux & cpu=arm
  languageName: node
  linkType: hard

"@esbuild/linux-ia32@npm:0.19.5":
  version: 0.19.5
  resolution: "@esbuild/linux-ia32@npm:0.19.5"
  conditions: os=linux & cpu=ia32
  languageName: node
  linkType: hard

"@esbuild/linux-loong64@npm:0.19.5":
  version: 0.19.5
  resolution: "@esbuild/linux-loong64@npm:0.19.5"
  conditions: os=linux & cpu=loong64
  languageName: node
  linkType: hard

"@esbuild/linux-mips64el@npm:0.19.5":
  version: 0.19.5
  resolution: "@esbuild/linux-mips64el@npm:0.19.5"
  conditions: os=linux & cpu=mips64el
  languageName: node
  linkType: hard

"@esbuild/linux-ppc64@npm:0.19.5":
  version: 0.19.5
  resolution: "@esbuild/linux-ppc64@npm:0.19.5"
  conditions: os=linux & cpu=ppc64
  languageName: node
  linkType: hard

"@esbuild/linux-riscv64@npm:0.19.5":
  version: 0.19.5
  resolution: "@esbuild/linux-riscv64@npm:0.19.5"
  conditions: os=linux & cpu=riscv64
  languageName: node
  linkType: hard

"@esbuild/linux-s390x@npm:0.19.5":
  version: 0.19.5
  resolution: "@esbuild/linux-s390x@npm:0.19.5"
  conditions: os=linux & cpu=s390x
  languageName: node
  linkType: hard

"@esbuild/linux-x64@npm:0.19.5":
  version: 0.19.5
  resolution: "@esbuild/linux-x64@npm:0.19.5"
  conditions: os=linux & cpu=x64
  languageName: node
  linkType: hard

"@esbuild/netbsd-x64@npm:0.19.5":
  version: 0.19.5
  resolution: "@esbuild/netbsd-x64@npm:0.19.5"
  conditions: os=netbsd & cpu=x64
  languageName: node
  linkType: hard

"@esbuild/openbsd-x64@npm:0.19.5":
  version: 0.19.5
  resolution: "@esbuild/openbsd-x64@npm:0.19.5"
  conditions: os=openbsd & cpu=x64
  languageName: node
  linkType: hard

"@esbuild/sunos-x64@npm:0.19.5":
  version: 0.19.5
  resolution: "@esbuild/sunos-x64@npm:0.19.5"
  conditions: os=sunos & cpu=x64
  languageName: node
  linkType: hard

"@esbuild/win32-arm64@npm:0.19.5":
  version: 0.19.5
  resolution: "@esbuild/win32-arm64@npm:0.19.5"
  conditions: os=win32 & cpu=arm64
  languageName: node
  linkType: hard

"@esbuild/win32-ia32@npm:0.19.5":
  version: 0.19.5
  resolution: "@esbuild/win32-ia32@npm:0.19.5"
  conditions: os=win32 & cpu=ia32
  languageName: node
  linkType: hard

"@esbuild/win32-x64@npm:0.19.5":
  version: 0.19.5
  resolution: "@esbuild/win32-x64@npm:0.19.5"
  conditions: os=win32 & cpu=x64
  languageName: node
  linkType: hard

"@mapbox/geojson-rewind@npm:0.5.2, @mapbox/geojson-rewind@npm:^0.5.2":
  version: 0.5.2
  resolution: "@mapbox/geojson-rewind@npm:0.5.2"
  dependencies:
    get-stream: "npm:^6.0.1"
    minimist: "npm:^1.2.6"
  bin:
    geojson-rewind: geojson-rewind
  checksum: 631f89ba5b656cb1e02197c242b231f98da0afb96815fa26481497176d6bd5f2aac77af4950da91c954094694acbc26382bd3d38146705737e8ff06442d95a12
  languageName: node
  linkType: hard

"@mapbox/jsonlint-lines-primitives@npm:^2.0.2, @mapbox/jsonlint-lines-primitives@npm:~2.0.2":
  version: 2.0.2
  resolution: "@mapbox/jsonlint-lines-primitives@npm:2.0.2"
  checksum: 5814e42fc453700132f93ea742aabcef9a3c98d9bf17d4c1106f82d1dcd91bbc93052e66e29014323b9b2a41b020c743d897e4a96cc4ed2f734482d587d8c2b2
  languageName: node
  linkType: hard

"@mapbox/point-geometry@npm:0.1.0, @mapbox/point-geometry@npm:^0.1.0, @mapbox/point-geometry@npm:~0.1.0":
  version: 0.1.0
  resolution: "@mapbox/point-geometry@npm:0.1.0"
  checksum: e4d861908574cb3165f5ad37b000416ebc90a2d6b3e0073191e6b6dc5074a6159d84ac5114d78557399bb429134f0d05bfb529e7902d1cb2b36d722b72ab662c
  languageName: node
  linkType: hard

"@mapbox/tiny-sdf@npm:^2.0.6":
  version: 2.0.6
  resolution: "@mapbox/tiny-sdf@npm:2.0.6"
  checksum: cb272578a30c88d6694937af9b084106aa251e92c71089e7d57b0df8152fd0ce0598d5816182a4cd478dc40b188ea680cb6d53f4385107719424beabe7ed4e13
  languageName: node
  linkType: hard

"@mapbox/unitbezier@npm:^0.0.1":
  version: 0.0.1
  resolution: "@mapbox/unitbezier@npm:0.0.1"
  checksum: 97f39d4fbdf9579d0a1a8be0d536eb113a805d36459e774014f488a7ca6cc9dcfc77ab7a2ebe5af395ad50da6efb4dbf2566de0db3f62b6b8675cddbace8f86a
  languageName: node
  linkType: hard

"@mapbox/vector-tile@npm:^1.3.1":
  version: 1.3.1
  resolution: "@mapbox/vector-tile@npm:1.3.1"
  dependencies:
    "@mapbox/point-geometry": "npm:~0.1.0"
  checksum: ffb271b95c383923768295e72bdf95e428efb906434b864ea04d3853a8373cf0de19f039bd6615f7cf018fbfb4dbf4599f27ebaa86c2b7b09f7d69187f8d7da1
  languageName: node
  linkType: hard

"@mapbox/whoots-js@npm:^3.1.0":
  version: 3.1.0
  resolution: "@mapbox/whoots-js@npm:3.1.0"
  checksum: fe9e959a9049bcbc2c05d9d1156e050191ad697a1bd95e41cdfa069051ff1d6f2930ced234a8d68d5a0bf78091feab30d76497418ec800d90f0aac8691fe4fd4
  languageName: node
  linkType: hard

"@maplibre/maplibre-gl-style-spec@npm:^19.3.3":
  version: 19.3.3
  resolution: "@maplibre/maplibre-gl-style-spec@npm:19.3.3"
  dependencies:
    "@mapbox/jsonlint-lines-primitives": "npm:~2.0.2"
    "@mapbox/unitbezier": "npm:^0.0.1"
    json-stringify-pretty-compact: "npm:^3.0.0"
    minimist: "npm:^1.2.8"
    rw: "npm:^1.3.3"
    sort-object: "npm:^3.0.3"
  bin:
    gl-style-format: dist/gl-style-format.mjs
    gl-style-migrate: dist/gl-style-migrate.mjs
    gl-style-validate: dist/gl-style-validate.mjs
  checksum: ef315bf9c4e5ebce0d76a7722e53c3e4192b92ea405c95392f61655f551a112bbc17fd00c7c62a16eeb57cdb79a2145e385c4eaf2ca7f50222d2540c9e7e0a7a
  languageName: node
  linkType: hard

"@popperjs/core@npm:^2.11.8":
  version: 2.11.8
  resolution: "@popperjs/core@npm:2.11.8"
  checksum: 4681e682abc006d25eb380d0cf3efc7557043f53b6aea7a5057d0d1e7df849a00e281cd8ea79c902a35a414d7919621fc2ba293ecec05f413598e0b23d5a1e63
  languageName: node
  linkType: hard

"@turf/bbox@npm:^6.5.0":
  version: 6.5.0
  resolution: "@turf/bbox@npm:6.5.0"
  dependencies:
    "@turf/helpers": "npm:^6.5.0"
    "@turf/meta": "npm:^6.5.0"
  checksum: 32c705ff0462f9f72fd4c78f013ebf3cbb30127c998770841d41540b246d3f3a73365a714ef335e45a70b9340317f402af76c36dbd64e9d9c2dfc65de71a9f84
  languageName: node
  linkType: hard

"@turf/boolean-point-in-polygon@npm:^6.5.0":
  version: 6.5.0
  resolution: "@turf/boolean-point-in-polygon@npm:6.5.0"
  dependencies:
    "@turf/helpers": "npm:^6.5.0"
    "@turf/invariant": "npm:^6.5.0"
  checksum: 438d53d4056afba0e43c5159554d541fd90d5fcfb0d9a19d6dd4ca5121f75a8f72b1e2c3da8974c752d0729247f37f8b5147c1ffe89ba6b77249154fa108d00e
  languageName: node
  linkType: hard

"@turf/center@npm:^6.5.0":
  version: 6.5.0
  resolution: "@turf/center@npm:6.5.0"
  dependencies:
    "@turf/bbox": "npm:^6.5.0"
    "@turf/helpers": "npm:^6.5.0"
  checksum: 5997f022057f526792617491cdf2af11350cd4d03964bb582d7bf775b66ae2b5e5e668a8b9004f831b7c76a7b8004dcd70d66b58572d43a6de0a12468b6af5a2
  languageName: node
  linkType: hard

"@turf/clone@npm:^6.5.0":
  version: 6.5.0
  resolution: "@turf/clone@npm:6.5.0"
  dependencies:
    "@turf/helpers": "npm:^6.5.0"
  checksum: a7a6a390ba1303d0ec3beb2b18e557ab62f27d03245f8b13d587619af6bb22c0489ee9a3a70d3012a95ab43fd3af41e5d685db117d76492785bd7ed07e9b3a1f
  languageName: node
  linkType: hard

"@turf/distance@npm:^6.5.0":
  version: 6.5.0
  resolution: "@turf/distance@npm:6.5.0"
  dependencies:
    "@turf/helpers": "npm:^6.5.0"
    "@turf/invariant": "npm:^6.5.0"
  checksum: 7419d7bd541ae22c116054728252f793df3c7a0b342c928625478cc1c92a7df21f190051db07b66452a21f6ae5d211674d0db3e9aa6c3ab6ffa05e339aac88dc
  languageName: node
  linkType: hard

"@turf/explode@npm:^6.5.0":
  version: 6.5.0
  resolution: "@turf/explode@npm:6.5.0"
  dependencies:
    "@turf/helpers": "npm:^6.5.0"
    "@turf/meta": "npm:^6.5.0"
  checksum: 7dbbc52950d6b78ac114e0b19578f8d89c91914a16d1e562701e42a6b8b0bbe52aac9ce1c32275b3c83cc9886bbbf4e5978ce0b6fd0e1f0d7354ce28989ae3ce
  languageName: node
  linkType: hard

"@turf/helpers@npm:^6.5.0":
  version: 6.5.0
  resolution: "@turf/helpers@npm:6.5.0"
  checksum: 786cbe0c0027f85db286fb3a0b7be04bb29bd63ec07760a49735ef32e9c5b4a7c059a8f691fafa31c7e0e9be34c281e014dc24077438bae01a09b492a680fb6f
  languageName: node
  linkType: hard

"@turf/invariant@npm:^6.5.0":
  version: 6.5.0
  resolution: "@turf/invariant@npm:6.5.0"
  dependencies:
    "@turf/helpers": "npm:^6.5.0"
  checksum: 5ff9f2043d629cc5f6d3df78452632b2213f17931caa34698d9e8c651640508814b3522d4ab747f36a4b9dfaf6ff64eedc3a04ba62c39ddeb6706f052b621dc6
  languageName: node
  linkType: hard

"@turf/meta@npm:^6.5.0":
  version: 6.5.0
  resolution: "@turf/meta@npm:6.5.0"
  dependencies:
    "@turf/helpers": "npm:^6.5.0"
  checksum: 9df6cb5af7af98a477ddcd744fb44e4e890fe8a67afa50bb24cad7d9c15af67362d24f1f8890d706a9c369b18285b0ba42430509add769ad868ac452703bb59b
  languageName: node
  linkType: hard

"@turf/nearest-point@npm:^6.5.0":
  version: 6.5.0
  resolution: "@turf/nearest-point@npm:6.5.0"
  dependencies:
    "@turf/clone": "npm:^6.5.0"
    "@turf/distance": "npm:^6.5.0"
    "@turf/helpers": "npm:^6.5.0"
    "@turf/meta": "npm:^6.5.0"
  checksum: e88684cfeecb8057fd0dcc88c141127c602dae204ab54a6cdf54e6c5b55179c1ec49bf2b944929644eef328dc96a8e78e120f67d7066a8a8e9749a686e041304
  languageName: node
  linkType: hard

"@turf/point-on-feature@npm:^6.5.0":
  version: 6.5.0
  resolution: "@turf/point-on-feature@npm:6.5.0"
  dependencies:
    "@turf/boolean-point-in-polygon": "npm:^6.5.0"
    "@turf/center": "npm:^6.5.0"
    "@turf/explode": "npm:^6.5.0"
    "@turf/helpers": "npm:^6.5.0"
    "@turf/nearest-point": "npm:^6.5.0"
  checksum: b209a6706664875129636efb9bb2a9c47a453ada4d71dbe0c0fc33c0587f3e27907a877c1c76631e5381937c6c673d854ace680281ea40962114ef52fa74acb4
  languageName: node
  linkType: hard

"@types/geojson@npm:*":
  version: 7946.0.8
  resolution: "@types/geojson@npm:7946.0.8"
  checksum: add7dc52bf551260e8cad132f70ed868fb28722a1f633bd05846fc79e5e8652f1d2cecd0a309498b1d4bd6850ac45f4535924b43aeee1aced56b014408022ad6
  languageName: node
  linkType: hard

"@types/geojson@npm:^7946.0":
  version: 7946.0.10
  resolution: "@types/geojson@npm:7946.0.10"
  checksum: 4abba554467494c1496a60622c2cb6f8c7f80b0dbb909ff898812a9f67799fd1b254802d7d266361974bd8b0c9ef32a7686183aac83b20c437f6d0eee89cd0a1
  languageName: node
  linkType: hard

"@types/geojson@npm:^7946.0.12":
  version: 7946.0.13
  resolution: "@types/geojson@npm:7946.0.13"
  checksum: 4450d070f2591500bd3ce13a898d8e4b53a6b75dfb08c002c2553a1bb135cdde9980dee6193d9fe2179c7b5fb6c52470acd116a3db91b33d8c6ba9ae3ae44e11
  languageName: node
  linkType: hard

"@types/mapbox__point-geometry@npm:*":
  version: 0.1.2
  resolution: "@types/mapbox__point-geometry@npm:0.1.2"
  checksum: 27f51c7290099f4678f4e2d48dbed4b37741a824ef8288d222dcf10f5aeb600f8a28b942f9c4e53bd7e3f656794fea0046cdb0d57658c98e726a66711d1ef2c3
  languageName: node
  linkType: hard

"@types/mapbox__point-geometry@npm:^0.1.3":
  version: 0.1.4
  resolution: "@types/mapbox__point-geometry@npm:0.1.4"
  checksum: 670191664ea0a6ccb4563500fe815a9aba029ba2f0528d42f9eb560ccb44f6542ba8674e2a3f6d41bd10ad8855b4df4782b5340c980ca182ef9fe6752f2737b8
  languageName: node
  linkType: hard

"@types/mapbox__vector-tile@npm:^1.3.3":
  version: 1.3.4
  resolution: "@types/mapbox__vector-tile@npm:1.3.4"
  dependencies:
    "@types/geojson": "npm:*"
    "@types/mapbox__point-geometry": "npm:*"
    "@types/pbf": "npm:*"
  checksum: 082907ed9cf96b82327dabf3b4c3a14746a825e4a81f0abf46b50e2557f25cbda652725d8af002e5edcc344a83c85e1a4b71a2d39ef4d829c243344a85ac13a6
  languageName: node
  linkType: hard

"@types/pbf@npm:*":
  version: 3.0.2
  resolution: "@types/pbf@npm:3.0.2"
  checksum: 784bdbbe727bbbd90bc77bc3df8e42a1bc81cc66bf4b35e33363e26510a48ff9e9cdfac18204e1b3c2fd082330398d51e48f0d8027156bf7a8c48507842242d0
  languageName: node
  linkType: hard

"@types/pbf@npm:^3.0.4":
  version: 3.0.5
  resolution: "@types/pbf@npm:3.0.5"
  checksum: c32348c6c81e6c31fe4a1f59983e3a9904727b809fb1e5ddec4fad49abaf93070ec26ee0c04c6516536c181c945b3c7d9e226549eaac3b2e12cb7b57f549a49c
  languageName: node
  linkType: hard

"@types/supercluster@npm:^7.1.2":
  version: 7.1.3
  resolution: "@types/supercluster@npm:7.1.3"
  dependencies:
    "@types/geojson": "npm:*"
  checksum: 0d55dad98df0990fc38a7bb64dc23dda46014187c0d7638e6f2b6717ba8931b13e5b1d394789833a2ac822014c977ef64623dffd81a0bbf39e52c53c8183741f
  languageName: node
  linkType: hard

"@types/trusted-types@npm:^2.0.2":
  version: 2.0.2
  resolution: "@types/trusted-types@npm:2.0.2"
  checksum: 8c5253d7a297ba375b1dff7704013fb8d31c08c681d257db9e7e0624309cbb4a1e0c916bdd5a8c378992391126af0adb731720ba7642244a2f2c1ff42aba5bcf
  languageName: node
  linkType: hard

"@xmldom/xmldom@npm:0.8.3":
  version: 0.8.3
  resolution: "@xmldom/xmldom@npm:0.8.3"
  checksum: 26980d70907fe478e67f5c9a9ef48bc6de13cf13e24fd42f0088eb1f8d09cbb4bfb867e35ab7fcdbe4332a72cbf96e732b230844f8155e3097fc18219d556da0
  languageName: node
  linkType: hard

"JSONStream@npm:0.8.0":
  version: 0.8.0
  resolution: "JSONStream@npm:0.8.0"
  dependencies:
    jsonparse: "npm:0.0.5"
    through: "npm:~2.2.7"
  checksum: e93976162ed018be4d5e0e8fc8a2e408965e00ae298d36534aa138164af53b08c79fba6fea83245649352466f1706885e1646a68d08bfdc1ccf01311c09eae5e
  languageName: node
  linkType: hard

"arr-union@npm:^3.1.0":
  version: 3.1.0
  resolution: "arr-union@npm:3.1.0"
  checksum: 7d5aa05894e54aa93c77c5726c1dd5d8e8d3afe4f77983c0aa8a14a8a5cbe8b18f0cf4ecaa4ac8c908ef5f744d2cbbdaa83fd6e96724d15fea56cfa7f5efdd51
  languageName: node
  linkType: hard

"assign-symbols@npm:^1.0.0":
  version: 1.0.0
  resolution: "assign-symbols@npm:1.0.0"
  checksum: 29a654b8a6da6889a190d0d0efef4b1bfb5948fa06cbc245054aef05139f889f2f7c75b989917e3fde853fc4093b88048e4de8578a73a76f113d41bfd66e5775
  languageName: node
  linkType: hard

"bootstrap@npm:^5.3.2":
  version: 5.3.2
  resolution: "bootstrap@npm:5.3.2"
  peerDependencies:
    "@popperjs/core": ^2.11.8
  checksum: 0c108d90cee90247db571f07a0fc3718beda58eed2ffed3f2f8ccff66b25a349830dfbeb5e55e6e6fe484fad96c4edb19cb4c5fa5a68b771b2e0f3c400e42dda
  languageName: node
  linkType: hard

"buffer-from@npm:^1.0.0":
  version: 1.1.2
  resolution: "buffer-from@npm:1.1.2"
  checksum: 124fff9d66d691a86d3b062eff4663fe437a9d9ee4b47b1b9e97f5a5d14f6d5399345db80f796827be7c95e70a8e765dd404b7c3ff3b3324f98e9b0c8826cc34
  languageName: node
  linkType: hard

"bytewise-core@npm:^1.2.2":
  version: 1.2.3
  resolution: "bytewise-core@npm:1.2.3"
  dependencies:
    typewise-core: "npm:^1.2"
  checksum: 210239f3048de9463b4ab02968bd0ef7b3c9b330c0329f9df1851fee0819e19fbb0eca8cc235947112dcce942ed58541283ddaefe29515c93a2b7e0820be3f2d
  languageName: node
  linkType: hard

"bytewise@npm:^1.1.0":
  version: 1.1.0
  resolution: "bytewise@npm:1.1.0"
  dependencies:
    bytewise-core: "npm:^1.2.2"
    typewise: "npm:^1.0.3"
  checksum: bcf994a8b635390dce43b22e97201cc0e3df0089ada4e77cc0bb48ce241efd0c27ca24a9400828cdd288a69a961da0b60c05bf7381b6cb529f048ab22092cc6d
  languageName: node
  linkType: hard

"concat-stream@npm:2.0.0":
  version: 2.0.0
  resolution: "concat-stream@npm:2.0.0"
  dependencies:
    buffer-from: "npm:^1.0.0"
    inherits: "npm:^2.0.3"
    readable-stream: "npm:^3.0.2"
    typedarray: "npm:^0.0.6"
  checksum: 29565dd9198fe1d8cf57f6cc71527dbc6ad67e12e4ac9401feb389c53042b2dceedf47034cbe702dfc4fd8df3ae7e6bfeeebe732cc4fa2674e484c13f04c219a
  languageName: node
  linkType: hard

"core-util-is@npm:~1.0.0":
  version: 1.0.3
  resolution: "core-util-is@npm:1.0.3"
  checksum: 90a0e40abbddfd7618f8ccd63a74d88deea94e77d0e8dbbea059fa7ebebb8fbb4e2909667fe26f3a467073de1a542ebe6ae4c73a73745ac5833786759cd906c9
  languageName: node
  linkType: hard

"domelementtype@npm:1":
  version: 1.3.1
  resolution: "domelementtype@npm:1.3.1"
  checksum: 6d4f5761060a21eaf3c96545501e9d188745c7e1c31b8d141bf15d8748feeadba868f4ea32877751b8678b286fb1afbe6ae905ca3fb8f0214d8322e482cdbec0
  languageName: node
  linkType: hard

"domhandler@npm:2.2":
  version: 2.2.1
  resolution: "domhandler@npm:2.2.1"
  dependencies:
    domelementtype: "npm:1"
  checksum: 4523c411a9bf180c42822e1e834ac52f44dcd4089f7918e9f7c6063f7269276bbcf91f6606f9cccff2a03a7bff8324378259812b17f834b55a8b986628830434
  languageName: node
  linkType: hard

"domutils@npm:1.3":
  version: 1.3.0
  resolution: "domutils@npm:1.3.0"
  dependencies:
    domelementtype: "npm:1"
  checksum: 12852cf5d4d73635a45dfe8408ff2e11bcb32cafd822ab00dd18ec996bfdbdf720d2b371ff4c3a22ad53b613d0da3b5619dd392a20f8b8491df77faf307ac0b7
  languageName: node
  linkType: hard

"dotenv@npm:^16.3.1":
  version: 16.3.1
  resolution: "dotenv@npm:16.3.1"
  checksum: b95ff1bbe624ead85a3cd70dbd827e8e06d5f05f716f2d0cbc476532d54c7c9469c3bc4dd93ea519f6ad711cb522c00ac9a62b6eb340d5affae8008facc3fbd7
  languageName: node
  linkType: hard

"earcut@npm:^2.2.4":
  version: 2.2.4
  resolution: "earcut@npm:2.2.4"
  checksum: 01ca51830edd2787819f904ae580087d37351f6048b4565e7add4b3da8a86b7bc19262ab2aa7fdc64129ab03af2d9cec8cccee4d230c82275f97ef285c79aafb
  languageName: node
  linkType: hard

"esbuild@npm:^0.19.5":
  version: 0.19.5
  resolution: "esbuild@npm:0.19.5"
  dependencies:
    "@esbuild/android-arm": "npm:0.19.5"
    "@esbuild/android-arm64": "npm:0.19.5"
    "@esbuild/android-x64": "npm:0.19.5"
    "@esbuild/darwin-arm64": "npm:0.19.5"
    "@esbuild/darwin-x64": "npm:0.19.5"
    "@esbuild/freebsd-arm64": "npm:0.19.5"
    "@esbuild/freebsd-x64": "npm:0.19.5"
    "@esbuild/linux-arm": "npm:0.19.5"
    "@esbuild/linux-arm64": "npm:0.19.5"
    "@esbuild/linux-ia32": "npm:0.19.5"
    "@esbuild/linux-loong64": "npm:0.19.5"
    "@esbuild/linux-mips64el": "npm:0.19.5"
    "@esbuild/linux-ppc64": "npm:0.19.5"
    "@esbuild/linux-riscv64": "npm:0.19.5"
    "@esbuild/linux-s390x": "npm:0.19.5"
    "@esbuild/linux-x64": "npm:0.19.5"
    "@esbuild/netbsd-x64": "npm:0.19.5"
    "@esbuild/openbsd-x64": "npm:0.19.5"
    "@esbuild/sunos-x64": "npm:0.19.5"
    "@esbuild/win32-arm64": "npm:0.19.5"
    "@esbuild/win32-ia32": "npm:0.19.5"
    "@esbuild/win32-x64": "npm:0.19.5"
  dependenciesMeta:
    "@esbuild/android-arm":
      optional: true
    "@esbuild/android-arm64":
      optional: true
    "@esbuild/android-x64":
      optional: true
    "@esbuild/darwin-arm64":
      optional: true
    "@esbuild/darwin-x64":
      optional: true
    "@esbuild/freebsd-arm64":
      optional: true
    "@esbuild/freebsd-x64":
      optional: true
    "@esbuild/linux-arm":
      optional: true
    "@esbuild/linux-arm64":
      optional: true
    "@esbuild/linux-ia32":
      optional: true
    "@esbuild/linux-loong64":
      optional: true
    "@esbuild/linux-mips64el":
      optional: true
    "@esbuild/linux-ppc64":
      optional: true
    "@esbuild/linux-riscv64":
      optional: true
    "@esbuild/linux-s390x":
      optional: true
    "@esbuild/linux-x64":
      optional: true
    "@esbuild/netbsd-x64":
      optional: true
    "@esbuild/openbsd-x64":
      optional: true
    "@esbuild/sunos-x64":
      optional: true
    "@esbuild/win32-arm64":
      optional: true
    "@esbuild/win32-ia32":
      optional: true
    "@esbuild/win32-x64":
      optional: true
  bin:
    esbuild: bin/esbuild
  checksum: 401e6da33bf6f2c4bbfa0aa8f37ddc6eb41c9d8ddf6b32c9922aabeef3f1886ed792eb03e778859e7e61467c765c78245f88216bc1a59050413ce7a513dd675f
  languageName: node
  linkType: hard

"extend-shallow@npm:^2.0.1":
  version: 2.0.1
  resolution: "extend-shallow@npm:2.0.1"
  dependencies:
    is-extendable: "npm:^0.1.0"
  checksum: ee1cb0a18c9faddb42d791b2d64867bd6cfd0f3affb711782eb6e894dd193e2934a7f529426aac7c8ddb31ac5d38000a00aa2caf08aa3dfc3e1c8ff6ba340bd9
  languageName: node
  linkType: hard

"extend-shallow@npm:^3.0.0":
  version: 3.0.2
  resolution: "extend-shallow@npm:3.0.2"
  dependencies:
    assign-symbols: "npm:^1.0.0"
    is-extendable: "npm:^1.0.1"
  checksum: f39581b8f98e3ad94995e33214fff725b0297cf09f2725b6f624551cfb71e0764accfd0af80becc0182af5014d2a57b31b85ec999f9eb8a6c45af81752feac9a
  languageName: node
  linkType: hard

"geojson-numeric@npm:0.2.1":
  version: 0.2.1
  resolution: "geojson-numeric@npm:0.2.1"
  dependencies:
    concat-stream: "npm:2.0.0"
    optimist: "npm:~0.3.5"
  bin:
    geojson-numeric: geojson-numeric
  checksum: f0021e8d8d16ba45cd7cb0dd0d53f415c46e7cdcac90a24a950aa96966a64afb77776cdc9da552f19f6b7a5ed0b5de4dee3b51bac96742e3f1d10f705aa59e1c
  languageName: node
  linkType: hard

"geojson-vt@npm:^3.2.1":
  version: 3.2.1
  resolution: "geojson-vt@npm:3.2.1"
  checksum: db2fc1a452067ee8436fa86e5a138f6ebd3d64893e0af097bc1cc960ec63d67c0ce77444711e9583036192d6bf9ce754bf9b56a76789684fc0fea4d52321fffc
  languageName: node
  linkType: hard

"get-stream@npm:^6.0.1":
  version: 6.0.1
  resolution: "get-stream@npm:6.0.1"
  checksum: 49825d57d3fd6964228e6200a58169464b8e8970489b3acdc24906c782fb7f01f9f56f8e6653c4a50713771d6658f7cfe051e5eb8c12e334138c9c918b296341
  languageName: node
  linkType: hard

"get-value@npm:^2.0.2, get-value@npm:^2.0.6":
  version: 2.0.6
  resolution: "get-value@npm:2.0.6"
  checksum: f069c132791b357c8fc4adfe9e2929b0a2c6e95f98ca7bc6fcbc27f8a302e552f86b4ae61ec56d9e9ac2544b93b6a39743d479866a37b43fcc104088ba74f0d9
  languageName: node
  linkType: hard

"gl-matrix@npm:^3.4.3":
  version: 3.4.3
  resolution: "gl-matrix@npm:3.4.3"
  checksum: c8ee6e2ce2d089b4ba4ae13ec9d4cb99bf2abe5f68f0cb08d94bbd8bafbec13aacc7230b86539ce5ca01b79226ea8c3194f971f5ca0c81838bc5e4e619dc398e
  languageName: node
  linkType: hard

"global-prefix@npm:^3.0.0":
  version: 3.0.0
  resolution: "global-prefix@npm:3.0.0"
  dependencies:
    ini: "npm:^1.3.5"
    kind-of: "npm:^6.0.2"
    which: "npm:^1.3.1"
  checksum: 510f489fb68d1cc7060f276541709a0ee6d41356ef852de48f7906c648ac223082a1cc8fce86725ca6c0e032bcdc1189ae77b4744a624b29c34a9d0ece498269
  languageName: node
  linkType: hard

"htmlparser2@npm:3.5.1":
  version: 3.5.1
  resolution: "htmlparser2@npm:3.5.1"
  dependencies:
    domelementtype: "npm:1"
    domhandler: "npm:2.2"
    domutils: "npm:1.3"
    readable-stream: "npm:1.1"
  checksum: 3bafa77a71ac58b02d8c99ce42b4d9711b50a74c07e3e56f2659fd09e8363dc9b9d84efa6b73d20098dc2dd05daed7de1fbc7e629610e568697dd2165de0ffa4
  languageName: node
  linkType: hard

"ieee754@npm:^1.1.12":
  version: 1.2.1
  resolution: "ieee754@npm:1.2.1"
  checksum: b0782ef5e0935b9f12883a2e2aa37baa75da6e66ce6515c168697b42160807d9330de9a32ec1ed73149aea02e0d822e572bca6f1e22bdcbd2149e13b050b17bb
  languageName: node
  linkType: hard

"inherits@npm:^2.0.3, inherits@npm:~2.0.1":
  version: 2.0.4
  resolution: "inherits@npm:2.0.4"
  checksum: 4e531f648b29039fb7426fb94075e6545faa1eb9fe83c29f0b6d9e7263aceb4289d2d4557db0d428188eeb449cc7c5e77b0a0b2c4e248ff2a65933a0dee49ef2
  languageName: node
  linkType: hard

"ini@npm:^1.3.5":
  version: 1.3.8
  resolution: "ini@npm:1.3.8"
  checksum: ec93838d2328b619532e4f1ff05df7909760b6f66d9c9e2ded11e5c1897d6f2f9980c54dd638f88654b00919ce31e827040631eab0a3969e4d1abefa0719516a
  languageName: node
  linkType: hard

"is-extendable@npm:^0.1.0, is-extendable@npm:^0.1.1":
  version: 0.1.1
  resolution: "is-extendable@npm:0.1.1"
  checksum: dd5ca3994a28e1740d1e25192e66eed128e0b2ff161a7ea348e87ae4f616554b486854de423877a2a2c171d5f7cd6e8093b91f54533bc88a59ee1c9838c43879
  languageName: node
  linkType: hard

"is-extendable@npm:^1.0.1":
  version: 1.0.1
  resolution: "is-extendable@npm:1.0.1"
  dependencies:
    is-plain-object: "npm:^2.0.4"
  checksum: 1d6678a5be1563db6ecb121331c819c38059703f0179f52aa80c242c223ee9c6b66470286636c0e63d7163e4d905c0a7d82a096e0b5eaeabb51b9f8d0af0d73f
  languageName: node
  linkType: hard

"is-plain-object@npm:^2.0.3, is-plain-object@npm:^2.0.4":
  version: 2.0.4
  resolution: "is-plain-object@npm:2.0.4"
  dependencies:
    isobject: "npm:^3.0.1"
  checksum: f050fdd5203d9c81e8c4df1b3ff461c4bc64e8b5ca383bcdde46131361d0a678e80bcf00b5257646f6c636197629644d53bd8e2375aea633de09a82d57e942f4
  languageName: node
  linkType: hard

"isarray@npm:0.0.1":
  version: 0.0.1
  resolution: "isarray@npm:0.0.1"
  checksum: ed1e62da617f71fe348907c71743b5ed550448b455f8d269f89a7c7ddb8ae6e962de3dab6a74a237b06f5eb7f6ece7a45ada8ce96d87fe972926530f91ae3311
  languageName: node
  linkType: hard

"isexe@npm:^2.0.0":
  version: 2.0.0
  resolution: "isexe@npm:2.0.0"
  checksum: 228cfa503fadc2c31596ab06ed6aa82c9976eec2bfd83397e7eaf06d0ccf42cd1dfd6743bf9aeb01aebd4156d009994c5f76ea898d2832c1fe342da923ca457d
  languageName: node
  linkType: hard

"isobject@npm:^3.0.1":
  version: 3.0.1
  resolution: "isobject@npm:3.0.1"
  checksum: 03344f5064a82f099a0cd1a8a407f4c0d20b7b8485e8e816c39f249e9416b06c322e8dec5b842b6bb8a06de0af9cb48e7bc1b5352f0fadc2f0abac033db3d4db
  languageName: node
  linkType: hard

"json-stringify-pretty-compact@npm:^3.0.0":
  version: 3.0.0
  resolution: "json-stringify-pretty-compact@npm:3.0.0"
  checksum: fc522c25047bd96d72ded77af4002e7f12e9ba9f4b7e7e12a9316aee166f1b8f9c7b0d0d989a8494e3fdd804a23819f411479f68f2ef10b2f7a144581b2c68f4
  languageName: node
  linkType: hard

"jsonparse@npm:0.0.5":
  version: 0.0.5
  resolution: "jsonparse@npm:0.0.5"
  checksum: 459ad3470d1778c9c308087124b76548b640666a5c8e71a2288b703887d406c0f3de7e424ef007cd809247845e6861ac66ede47db35ca811eff205924f904f21
  languageName: node
  linkType: hard

"kdbush@npm:^4.0.2":
  version: 4.0.2
  resolution: "kdbush@npm:4.0.2"
  checksum: d50183b299c57e2573114e902ab47aed7494be3ca41b66d456779ecc3b2f153f491de341f9609965414784f728894f9a9001152eb9f3a40cd3755521c06a45a3
  languageName: node
  linkType: hard

"kind-of@npm:^6.0.2":
  version: 6.0.3
  resolution: "kind-of@npm:6.0.3"
  checksum: 61cdff9623dabf3568b6445e93e31376bee1cdb93f8ba7033d86022c2a9b1791a1d9510e026e6465ebd701a6dd2f7b0808483ad8838341ac52f003f512e0b4c4
  languageName: node
  linkType: hard

"lit-html@npm:^3.0.2":
  version: 3.0.2
  resolution: "lit-html@npm:3.0.2"
  dependencies:
    "@types/trusted-types": "npm:^2.0.2"
  checksum: feec3c82e2ea2609c44b3e9bdeb80de614132ceac08be2ce312d979ffad714cb0b6081353c25ec8753120033388110806171d0cfa7ad640dbecdc4c93e56052a
  languageName: node
  linkType: hard

"maplibre-gl@npm:^3.6.0":
  version: 3.6.0
  resolution: "maplibre-gl@npm:3.6.0"
  dependencies:
    "@mapbox/geojson-rewind": "npm:^0.5.2"
    "@mapbox/jsonlint-lines-primitives": "npm:^2.0.2"
    "@mapbox/point-geometry": "npm:^0.1.0"
    "@mapbox/tiny-sdf": "npm:^2.0.6"
    "@mapbox/unitbezier": "npm:^0.0.1"
    "@mapbox/vector-tile": "npm:^1.3.1"
    "@mapbox/whoots-js": "npm:^3.1.0"
    "@maplibre/maplibre-gl-style-spec": "npm:^19.3.3"
    "@types/geojson": "npm:^7946.0.12"
    "@types/mapbox__point-geometry": "npm:^0.1.3"
    "@types/mapbox__vector-tile": "npm:^1.3.3"
    "@types/pbf": "npm:^3.0.4"
    "@types/supercluster": "npm:^7.1.2"
    earcut: "npm:^2.2.4"
    geojson-vt: "npm:^3.2.1"
    gl-matrix: "npm:^3.4.3"
    global-prefix: "npm:^3.0.0"
    kdbush: "npm:^4.0.2"
    murmurhash-js: "npm:^1.0.0"
    pbf: "npm:^3.2.1"
    potpack: "npm:^2.0.0"
    quickselect: "npm:^2.0.0"
    supercluster: "npm:^8.0.1"
    tinyqueue: "npm:^2.0.3"
    vt-pbf: "npm:^3.1.3"
  checksum: 424f4b761f9f1554f2d1d2b6700e97a547bd74b5df505ba7dcdd952284dd3f7e9c249775a353e3a61602aa5d5a4caa9f3fa68310437ba8a0ceb23123b8611d28
  languageName: node
  linkType: hard

"minimist@npm:^1.2.6":
  version: 1.2.6
  resolution: "minimist@npm:1.2.6"
  checksum: d0b566204044481c4401abbd24cc75814e753b37268e7fe7ccc78612bf3e37bf1e45a6c43fb0b119445ea1c413c000bde013f320b7211974f2f49bcbec1d0dbf
  languageName: node
  linkType: hard

"minimist@npm:^1.2.8":
  version: 1.2.8
  resolution: "minimist@npm:1.2.8"
  checksum: 19d3fcdca050087b84c2029841a093691a91259a47def2f18222f41e7645a0b7c44ef4b40e88a1e58a40c84d2ef0ee6047c55594d298146d0eb3f6b737c20ce6
  languageName: node
  linkType: hard

"murmurhash-js@npm:^1.0.0":
  version: 1.0.0
  resolution: "murmurhash-js@npm:1.0.0"
  checksum: f8569e16db0ba6f953bf88286e97cf737f1efe97b224e537c9308566ab963a067c7eca5b636fb473d6413c4cc3b79690b78ff7ab0f290e75db91c6fde0df92b4
  languageName: node
  linkType: hard

"optimist@npm:~0.3.5":
  version: 0.3.7
  resolution: "optimist@npm:0.3.7"
  dependencies:
    wordwrap: "npm:~0.0.2"
  checksum: 510175b89c4a2410ae0df38ce505a9a1bd4a3a4698006d976da208cd745f1fe9ac081a6f89202b4c99f9efd7a2efd84f356c28ef010921ec5f7416fef22a8a7e
  languageName: node
  linkType: hard

"osm-polygon-features@npm:^0.9.1":
  version: 0.9.2
  resolution: "osm-polygon-features@npm:0.9.2"
  checksum: 4204a1675fff64953ad8799ffddbe7c54904ebaed3daf9b2777121732086634c9d0d934b043235975f3e939cef376cbfb5d2eb8e1a65c45c3baa52051ccbc83e
  languageName: node
  linkType: hard

"osmtogeojson@npm:^3.0.0-beta.5":
  version: 3.0.0-beta.5
  resolution: "osmtogeojson@npm:3.0.0-beta.5"
  dependencies:
    "@mapbox/geojson-rewind": "npm:0.5.2"
    "@types/geojson": "npm:^7946.0"
    "@xmldom/xmldom": "npm:0.8.3"
    JSONStream: "npm:0.8.0"
    concat-stream: "npm:2.0.0"
    geojson-numeric: "npm:0.2.1"
    htmlparser2: "npm:3.5.1"
    optimist: "npm:~0.3.5"
    osm-polygon-features: "npm:^0.9.1"
    tiny-osmpbf: "npm:^0.1.0"
  dependenciesMeta:
    "@types/geojson":
      optional: true
  bin:
    osmtogeojson: osmtogeojson
  checksum: 4aa77bdeea5684baa6d037a6cb52b9716b373d13de5b289db164e7003a4d88c60671af9f2d20aaf9aef0296c189a5b81f4c91b575035a04b6dce1d5558f00093
  languageName: node
  linkType: hard

"pbf@npm:^3.0.4, pbf@npm:^3.2.1":
  version: 3.2.1
  resolution: "pbf@npm:3.2.1"
  dependencies:
    ieee754: "npm:^1.1.12"
    resolve-protobuf-schema: "npm:^2.1.0"
  bin:
    pbf: bin/pbf
  checksum: 63b4a27749a9b5a3cf4260d75f9d91ad8d8b326bcdd2bfafd9460a94d0a297a80f80c70d5481213d6c4ebf03c027aca0ac9287c7d8217d327a6d0456f23b9d3c
  languageName: node
  linkType: hard

"potpack@npm:^2.0.0":
  version: 2.0.0
  resolution: "potpack@npm:2.0.0"
  checksum: 8df693484486535b95586a624c5abf3fd7bebad161b1c10c10d86562c870fe1c90703b862a19020b1d1c2f3fbd6cea1e9d699c6eca6ded4b5792873a992c81e1
  languageName: node
  linkType: hard

"prettier@npm:^3.1.0":
  version: 3.1.0
  resolution: "prettier@npm:3.1.0"
  bin:
    prettier: bin/prettier.cjs
  checksum: a45ea70aa97fde162ea4c4aba3dfc7859aa6a732a1db34458d9535dc3c2c16d3bc3fb5689e6cd76aa835562555303b02d9449fd2e15af3b73c8053557e25c5b6
  languageName: node
  linkType: hard

"protocol-buffers-schema@npm:^3.3.1":
  version: 3.6.0
  resolution: "protocol-buffers-schema@npm:3.6.0"
  checksum: 23a08612e5cc903f917ae3b680216ccaf2d889c61daa68d224237f455182fa96fff16872ac94b1954b5dd26fc7e8ce7e9360c54d54ea26218d107b2f059fca37
  languageName: node
  linkType: hard

"quickselect@npm:^2.0.0":
  version: 2.0.0
  resolution: "quickselect@npm:2.0.0"
  checksum: 6c8d591bc73beae4c1996b7b7138233a7dbbbdde29b7b6d822a02d08cd220fd27613f47d6e9635989b12e250d42ef9da3448de1ed12ad962974e207ab3c3562c
  languageName: node
  linkType: hard

"readable-stream@npm:1.1":
  version: 1.1.13
  resolution: "readable-stream@npm:1.1.13"
  dependencies:
    core-util-is: "npm:~1.0.0"
    inherits: "npm:~2.0.1"
    isarray: "npm:0.0.1"
    string_decoder: "npm:~0.10.x"
  checksum: fb8edd73a37e58fdb35d006370c6cde2912c993483479fe9be232ee0aa8f0b12058f0662602760c7a678887415198888c2f8d864b7ba6ab57683e1b3774d9e66
  languageName: node
  linkType: hard

"readable-stream@npm:^3.0.2":
  version: 3.6.0
  resolution: "readable-stream@npm:3.6.0"
  dependencies:
    inherits: "npm:^2.0.3"
    string_decoder: "npm:^1.1.1"
    util-deprecate: "npm:^1.0.1"
  checksum: 937bedd29ac8a68331666291922bea892fa2be1a33269e582de9f844a2002f146cf831e39cd49fe6a378d3f0c27358f259ed0e20d20f0bdc6a3f8fc21fce42dc
  languageName: node
  linkType: hard

"resolve-protobuf-schema@npm:^2.1.0":
  version: 2.1.0
  resolution: "resolve-protobuf-schema@npm:2.1.0"
  dependencies:
    protocol-buffers-schema: "npm:^3.3.1"
  checksum: 8e656b9072b1c001952f851251413bc79d8c771c3015f607b75e1ca3b8bd7c4396068dd19cdbb3019affa03f6457d2c0fd38d981ffd714215cd2e7c2b67221a7
  languageName: node
  linkType: hard

"root-workspace-0b6124@workspace:.":
  version: 0.0.0-use.local
  resolution: "root-workspace-0b6124@workspace:."
  dependencies:
    "@popperjs/core": "npm:^2.11.8"
    "@turf/bbox": "npm:^6.5.0"
    "@turf/helpers": "npm:^6.5.0"
    "@turf/meta": "npm:^6.5.0"
    "@turf/point-on-feature": "npm:^6.5.0"
    bootstrap: "npm:^5.3.2"
    dotenv: "npm:^16.3.1"
    esbuild: "npm:^0.19.5"
    lit-html: "npm:^3.0.2"
    maplibre-gl: "npm:^3.6.0"
    osmtogeojson: "npm:^3.0.0-beta.5"
    prettier: "npm:^3.1.0"
  languageName: unknown
  linkType: soft

"rw@npm:^1.3.3":
  version: 1.3.3
  resolution: "rw@npm:1.3.3"
  checksum: b1e1ef37d1e79d9dc7050787866e30b6ddcb2625149276045c262c6b4d53075ddc35f387a856a8e76f0d0df59f4cd58fe24707e40797ebee66e542b840ed6a53
  languageName: node
  linkType: hard

"safe-buffer@npm:~5.2.0":
  version: 5.2.1
  resolution: "safe-buffer@npm:5.2.1"
  checksum: 6501914237c0a86e9675d4e51d89ca3c21ffd6a31642efeba25ad65720bce6921c9e7e974e5be91a786b25aa058b5303285d3c15dbabf983a919f5f630d349f3
  languageName: node
  linkType: hard

"set-value@npm:^2.0.1":
  version: 2.0.1
  resolution: "set-value@npm:2.0.1"
  dependencies:
    extend-shallow: "npm:^2.0.1"
    is-extendable: "npm:^0.1.1"
    is-plain-object: "npm:^2.0.3"
    split-string: "npm:^3.0.1"
  checksum: 4c40573c4f6540456e4b38b95f570272c4cfbe1d12890ad4057886da8535047cd772dfadf5b58e2e87aa244dfb4c57e3586f6716b976fc47c5144b6b09e1811b
  languageName: node
  linkType: hard

"sort-asc@npm:^0.2.0":
  version: 0.2.0
  resolution: "sort-asc@npm:0.2.0"
  checksum: 637d08a3f42d9b20ad489fa50970cc46ff606764ecfc95f00e607151d38a4b9086b74366ef99177783ff2da75ad821dff5d76557caa7206e5b3082e1e743e7cf
  languageName: node
  linkType: hard

"sort-desc@npm:^0.2.0":
  version: 0.2.0
  resolution: "sort-desc@npm:0.2.0"
  checksum: d9b49e49c8aa1d443ace95a86845f7ad9c9aeb9bb231f43adf7af22109bbd05b11983497f7c449d88ee6c499f43cf0591cde59975f5321c7883c6a395dce8482
  languageName: node
  linkType: hard

"sort-object@npm:^3.0.3":
  version: 3.0.3
  resolution: "sort-object@npm:3.0.3"
  dependencies:
    bytewise: "npm:^1.1.0"
    get-value: "npm:^2.0.2"
    is-extendable: "npm:^0.1.1"
    sort-asc: "npm:^0.2.0"
    sort-desc: "npm:^0.2.0"
    union-value: "npm:^1.0.1"
  checksum: b19518e3659875d0997bfb6e4a2bc681a71b3cc30a39b7ab673fcb5c32e65b2c9d4b66eba6c97c29c78b5fc437306ec0e0a85a381565d54eff8716388535db5d
  languageName: node
  linkType: hard

"split-string@npm:^3.0.1":
  version: 3.1.0
  resolution: "split-string@npm:3.1.0"
  dependencies:
    extend-shallow: "npm:^3.0.0"
  checksum: 72d7cd625445c7af215130e1e2bc183013bb9dd48a074eda1d35741e2b0dcb355e6df5b5558a62543a24dcec37dd1d6eb7a6228ff510d3c9de0f3dc1d1da8a70
  languageName: node
  linkType: hard

"string_decoder@npm:^1.1.1":
  version: 1.3.0
  resolution: "string_decoder@npm:1.3.0"
  dependencies:
    safe-buffer: "npm:~5.2.0"
  checksum: 810614ddb030e271cd591935dcd5956b2410dd079d64ff92a1844d6b7588bf992b3e1b69b0f4d34a3e06e0bd73046ac646b5264c1987b20d0601f81ef35d731d
  languageName: node
  linkType: hard

"string_decoder@npm:~0.10.x":
  version: 0.10.31
  resolution: "string_decoder@npm:0.10.31"
  checksum: 1c628d78f974aa7539c496029f48e7019acc32487fc695464f9d6bdfec98edd7d933a06b3216bc2016918f6e75074c611d84430a53cb0e43071597d6c1ac5e25
  languageName: node
  linkType: hard

"supercluster@npm:^8.0.1":
  version: 8.0.1
  resolution: "supercluster@npm:8.0.1"
  dependencies:
    kdbush: "npm:^4.0.2"
  checksum: 79121e6dbff67b3036ea6651f3baddb942478830ba3ecbc27455715ab5bd269de8381dc04618c0c15963346ea2ed0f81cd5f767c2978a63e2841807c73445d57
  languageName: node
  linkType: hard

"through@npm:~2.2.7":
  version: 2.2.7
  resolution: "through@npm:2.2.7"
  checksum: 26e66b7b88f7fc38d7d25170093227d83047d2de54774e2496b69c260c0fdc34e2efd70eb7eb6814a203795cc78d4c18ed49d876b9b1a7d4c681f717d73f3a37
  languageName: node
  linkType: hard

"tiny-inflate@npm:^1.0.2":
  version: 1.0.3
  resolution: "tiny-inflate@npm:1.0.3"
  checksum: fab687537254f6ec44c9a2e880048fe70da3542aba28f73cda3e74c95cabf342a339372f2a6c032e322324f01accc03ca26c04ba2bad9b3eb8cf3ee99bba7f9b
  languageName: node
  linkType: hard

"tiny-osmpbf@npm:^0.1.0":
  version: 0.1.0
  resolution: "tiny-osmpbf@npm:0.1.0"
  dependencies:
    pbf: "npm:^3.0.4"
    tiny-inflate: "npm:^1.0.2"
  checksum: 2b1fedf408a596ec7440ecd9e5202e7393d3ddcd8318360903c0d8a09a64939ccb2248799e801218928bf23b266ef13c95031734a07b8bab97be7ee635830a23
  languageName: node
  linkType: hard

"tinyqueue@npm:^2.0.3":
  version: 2.0.3
  resolution: "tinyqueue@npm:2.0.3"
  checksum: d7b590088f015a94a17132fa209c2f2a80c45158259af5474901fdf5932e95ea13ff6f034bcc725a6d5f66d3e5b888b048c310229beb25ad5bebb4f0a635abf2
  languageName: node
  linkType: hard

"typedarray@npm:^0.0.6":
  version: 0.0.6
  resolution: "typedarray@npm:0.0.6"
  checksum: 6005cb31df50eef8b1f3c780eb71a17925f3038a100d82f9406ac2ad1de5eb59f8e6decbdc145b3a1f8e5836e17b0c0002fb698b9fe2516b8f9f9ff602d36412
  languageName: node
  linkType: hard

"typewise-core@npm:^1.2, typewise-core@npm:^1.2.0":
  version: 1.2.0
  resolution: "typewise-core@npm:1.2.0"
  checksum: 0c574b036e430ef29a3c71dca1f88c041597734448db50e697ec4b7d03d71af4f8afeec556a2553f7db1cf98f9313b983071f0731d784108b2daf4f2e0c37d9e
  languageName: node
  linkType: hard

"typewise@npm:^1.0.3":
  version: 1.0.3
  resolution: "typewise@npm:1.0.3"
  dependencies:
    typewise-core: "npm:^1.2.0"
  checksum: 0e300a963cd344f9f4216343eb1c9714e1aee12c5b928ae3ff4a19b4b1edcd82356b8bd763905bd72528718a3c863612f8259cb047934b59bdd849f305e12e80
  languageName: node
  linkType: hard

"union-value@npm:^1.0.1":
  version: 1.0.1
  resolution: "union-value@npm:1.0.1"
  dependencies:
    arr-union: "npm:^3.1.0"
    get-value: "npm:^2.0.6"
    is-extendable: "npm:^0.1.1"
    set-value: "npm:^2.0.1"
  checksum: 8758d880cb9545f62ce9cfb9b791b2b7a206e0ff5cc4b9d7cd6581da2c6839837fbb45e639cf1fd8eef3cae08c0201b614b7c06dd9f5f70d9dbe7c5fe2fbf592
  languageName: node
  linkType: hard

"util-deprecate@npm:^1.0.1":
  version: 1.0.2
  resolution: "util-deprecate@npm:1.0.2"
  checksum: 41a5bdd214df2f6c3ecf8622745e4a366c4adced864bc3c833739791aeeeb1838119af7daed4ba36428114b5c67dcda034a79c882e97e43c03e66a4dd7389942
  languageName: node
  linkType: hard

"vt-pbf@npm:^3.1.3":
  version: 3.1.3
  resolution: "vt-pbf@npm:3.1.3"
  dependencies:
    "@mapbox/point-geometry": "npm:0.1.0"
    "@mapbox/vector-tile": "npm:^1.3.1"
    pbf: "npm:^3.2.1"
  checksum: a568801ae25f0ffe65ef697bf520c996c8a4067f73f355c0d5815238de90322c8ca207c61220206141cfe6f5b525de875b7eb26e22979a1b768b96d03b93dca7
  languageName: node
  linkType: hard

"which@npm:^1.3.1":
  version: 1.3.1
  resolution: "which@npm:1.3.1"
  dependencies:
    isexe: "npm:^2.0.0"
  bin:
    which: ./bin/which
  checksum: e945a8b6bbf6821aaaef7f6e0c309d4b615ef35699576d5489b4261da9539f70393c6b2ce700ee4321c18f914ebe5644bc4631b15466ffbaad37d83151f6af59
  languageName: node
  linkType: hard

"wordwrap@npm:~0.0.2":
  version: 0.0.3
  resolution: "wordwrap@npm:0.0.3"
  checksum: b3b212f8b2167091f59bc60929ada2166eb157abb6c8c82e2a705fe5aa5876440c3966ab39eb6c7bcb2ff0ac0c8d9fba726a9c2057b83bd65cdc1858f9d816ce
  languageName: node
  linkType: hard
