# This file is generated by running "yarn install" inside your project.
# Manual changes might be lost - proceed with caution!

__metadata:
  version: 6
  cacheKey: 8

"@esbuild/linux-loong64@npm:0.15.2":
  version: 0.15.2
  resolution: "@esbuild/linux-loong64@npm:0.15.2"
  conditions: os=linux & cpu=loong64
  languageName: node
  linkType: hard

"@mapbox/geojson-area@npm:0.2.2":
  version: 0.2.2
  resolution: "@mapbox/geojson-area@npm:0.2.2"
  dependencies:
    wgs84: "npm:0.0.0"
  checksum: 0b63aab0fee8916018aa7cdd47b946c699c34e3a8b08e11ca87fe86b23b46ff855604bdde4fd2dad9ea8a70023cd39d898dbc935399cb5e3367214d8adf3b61d
  languageName: node
  linkType: hard

"@mapbox/geojson-rewind@npm:0.4.0":
  version: 0.4.0
  resolution: "@mapbox/geojson-rewind@npm:0.4.0"
  dependencies:
    "@mapbox/geojson-area": "npm:0.2.2"
    concat-stream: "npm:~1.6.0"
    minimist: "npm:1.2.0"
    sharkdown: "npm:^0.1.0"
  bin:
    geojson-rewind: geojson-rewind
  checksum: 82020c6324965419f9a73d11a8a62e67229ae2b15d4e5e4b805c0f0212ebc29250eb472f04fab3882f5d6571f1f6d0d47e7740a5149177a548a770141a441847
  languageName: node
  linkType: hard

"@mapbox/geojson-rewind@npm:^0.5.2":
  version: 0.5.2
  resolution: "@mapbox/geojson-rewind@npm:0.5.2"
  dependencies:
    get-stream: "npm:^6.0.1"
    minimist: "npm:^1.2.6"
  bin:
    geojson-rewind: geojson-rewind
  checksum: 721470ab5e8912d69aef06fa4db891bade8b028d6708a35a982b1dfec0f40eb4ba05a749258867f5844cf4e776e53866813bf9c97e3289054b21cbf7840d3608
  languageName: node
  linkType: hard

"@mapbox/jsonlint-lines-primitives@npm:^2.0.2":
  version: 2.0.2
  resolution: "@mapbox/jsonlint-lines-primitives@npm:2.0.2"
  checksum: 4eb31edd3ccff530f7b687ddc6d813d6e24fc66e9a563460882e7861b49f9331c5ded6fd7e927b37affbbd98f83bff1f7b916119044f1931df03c6ffedba2cfb
  languageName: node
  linkType: hard

"@mapbox/mapbox-gl-supported@npm:^2.0.1":
  version: 2.0.1
  resolution: "@mapbox/mapbox-gl-supported@npm:2.0.1"
  checksum: 1dffc96baacc56e34b09f2ae6ac4b2b8f10ad51a9d7c4946dc2057f456deeacd5d0729e340120857b3204a14d9961266f3218d26e101d46e81717954f1c129af
  languageName: node
  linkType: hard

"@mapbox/point-geometry@npm:0.1.0, @mapbox/point-geometry@npm:^0.1.0, @mapbox/point-geometry@npm:~0.1.0":
  version: 0.1.0
  resolution: "@mapbox/point-geometry@npm:0.1.0"
  checksum: ed41c1ce0140de81039424415d9a199abba72cdb2287314e1b8c3e295da3224f7e8c1b0ae99a9b097703e7abe63e1978a518e29896989cc8bba3d482360bc22f
  languageName: node
  linkType: hard

"@mapbox/tiny-sdf@npm:^2.0.5":
  version: 2.0.5
  resolution: "@mapbox/tiny-sdf@npm:2.0.5"
  checksum: 23fd158ea795592cf1f825fcac20d48230c54a6985a931f609af8b4e69cd99f1c798dc893baec63f4fd6f42ffc3e7292b39f4126966412edd4606eb3dbf86b54
  languageName: node
  linkType: hard

"@mapbox/unitbezier@npm:^0.0.1":
  version: 0.0.1
  resolution: "@mapbox/unitbezier@npm:0.0.1"
  checksum: bf104c85dbff37bf47d3217d9457a3abbf23714f78fefadea64e56bdc7c538491b626166809ef28db134f09baccd6ca3df6988a6422df90d8d0c9a23b0686043
  languageName: node
  linkType: hard

"@mapbox/vector-tile@npm:^1.3.1":
  version: 1.3.1
  resolution: "@mapbox/vector-tile@npm:1.3.1"
  dependencies:
    "@mapbox/point-geometry": "npm:~0.1.0"
  checksum: 7093d4fa7d0382a0eae9d79526c5ad57c32099300b013d3afb4ab7499ac2a096f6f0a487cc81151ef81e0432a4b157513666b1592a4a4c1497341cde835551aa
  languageName: node
  linkType: hard

"@mapbox/whoots-js@npm:^3.1.0":
  version: 3.1.0
  resolution: "@mapbox/whoots-js@npm:3.1.0"
  checksum: c1837c04effd205b207f441356d952eae7e8aad6c58f7c4900de50318c2147cf175936fc9434f20dfa409f9e6a78ec604d61e70c1c20572db0cc7655fbb65f50
  languageName: node
  linkType: hard

"@popperjs/core@npm:^2.11.6":
  version: 2.11.6
  resolution: "@popperjs/core@npm:2.11.6"
  checksum: 47fb328cec1924559d759b48235c78574f2d71a8a6c4c03edb6de5d7074078371633b91e39bbf3f901b32aa8af9b9d8f82834856d2f5737a23475036b16817f0
  languageName: node
  linkType: hard

"@turf/bbox@npm:^6.5.0":
  version: 6.5.0
  resolution: "@turf/bbox@npm:6.5.0"
  dependencies:
    "@turf/helpers": "npm:^6.5.0"
    "@turf/meta": "npm:^6.5.0"
  checksum: 537be56ae0c5ad44e71a691717b35745e947e19a6bd9f20fdac2ab4318caf98cd88472d7dbf576e8b32ead5da034d273ffb3f4559d6d386820ddcb88a1f7fedd
  languageName: node
  linkType: hard

"@turf/boolean-point-in-polygon@npm:^6.5.0":
  version: 6.5.0
  resolution: "@turf/boolean-point-in-polygon@npm:6.5.0"
  dependencies:
    "@turf/helpers": "npm:^6.5.0"
    "@turf/invariant": "npm:^6.5.0"
  checksum: 624e54d9956b8f9d955285065f44c80ae66cd4a87e5d893f85871009b62ad9721cca520245a56f8c4401467767c153dda58f67fec0968e3971c7bb3a39617105
  languageName: node
  linkType: hard

"@turf/center@npm:^6.5.0":
  version: 6.5.0
  resolution: "@turf/center@npm:6.5.0"
  dependencies:
    "@turf/bbox": "npm:^6.5.0"
    "@turf/helpers": "npm:^6.5.0"
  checksum: d0e26ff714537a57ff67c4fbcce3acbcabb7a4ff7caae5cc031668243649e49fb66f2648480c47f5ef8d7b5c47d2e34511a4727293b59381d8c4ac5f397f3808
  languageName: node
  linkType: hard

"@turf/clone@npm:^6.5.0":
  version: 6.5.0
  resolution: "@turf/clone@npm:6.5.0"
  dependencies:
    "@turf/helpers": "npm:^6.5.0"
  checksum: 8ef6f6ba8876bb32b35691b62554a74b1e8e2b9d04a1c4f7bcba9348163b4ae4cde774b9e8e9f63211e5eb816517d94b94c3d54e5f855691a84cd3556d3157e4
  languageName: node
  linkType: hard

"@turf/distance@npm:^6.5.0":
  version: 6.5.0
  resolution: "@turf/distance@npm:6.5.0"
  dependencies:
    "@turf/helpers": "npm:^6.5.0"
    "@turf/invariant": "npm:^6.5.0"
  checksum: f311e19a5d489a11e2033f218723f6c2fae207cb03fbdd5dc64a44724d36851f5bb44d07ae31d479532db5f1df019845e19e2117c1948d9e832a6769f6bf0448
  languageName: node
  linkType: hard

"@turf/explode@npm:^6.5.0":
  version: 6.5.0
  resolution: "@turf/explode@npm:6.5.0"
  dependencies:
    "@turf/helpers": "npm:^6.5.0"
    "@turf/meta": "npm:^6.5.0"
  checksum: 574cdb7f8e4d29bce5147f41f361eaf5eee90e80fbc00621d7958424b2e1d2d9dd6da580328c5a441cfeebbaf4465b14e5a276715ab59212a57d3374d2f5d698
  languageName: node
  linkType: hard

"@turf/helpers@npm:^6.5.0":
  version: 6.5.0
  resolution: "@turf/helpers@npm:6.5.0"
  checksum: d57f746351357838c654e0a9b98be3285a14b447504fd6d59753d90c6d437410bb24805d61c65b612827f07f6c2ade823bb7e56e41a1a946217abccfbd64c117
  languageName: node
  linkType: hard

"@turf/invariant@npm:^6.5.0":
  version: 6.5.0
  resolution: "@turf/invariant@npm:6.5.0"
  dependencies:
    "@turf/helpers": "npm:^6.5.0"
  checksum: f45109ee41429d4aab49db9cfcc68f832cadf18b16c1b2c7031f0a6e52545bc4d64d0efd0a980f4d05f22532ed89d6e915aeaab9db44865898d4d030221d968e
  languageName: node
  linkType: hard

"@turf/meta@npm:^6.5.0":
  version: 6.5.0
  resolution: "@turf/meta@npm:6.5.0"
  dependencies:
    "@turf/helpers": "npm:^6.5.0"
  checksum: c6bb936aa92bf3365e87a50dc65f248e070c5767a36fac390754c00c89bf2d1583418686ab19a10332bfa9340b8cac6aaf2c55dad7f5fcf77f1a2dda75ccf363
  languageName: node
  linkType: hard

"@turf/nearest-point@npm:^6.5.0":
  version: 6.5.0
  resolution: "@turf/nearest-point@npm:6.5.0"
  dependencies:
    "@turf/clone": "npm:^6.5.0"
    "@turf/distance": "npm:^6.5.0"
    "@turf/helpers": "npm:^6.5.0"
    "@turf/meta": "npm:^6.5.0"
  checksum: 23826c73c8bd574b80e7b4ade81aab90342f65ee1f55e1352971af1227b738a64e9cfb3e1b1281561a293d4076d10074c84ca347016f5ef2863bb5eb9d659d2c
  languageName: node
  linkType: hard

"@turf/point-on-feature@npm:^6.5.0":
  version: 6.5.0
  resolution: "@turf/point-on-feature@npm:6.5.0"
  dependencies:
    "@turf/boolean-point-in-polygon": "npm:^6.5.0"
    "@turf/center": "npm:^6.5.0"
    "@turf/explode": "npm:^6.5.0"
    "@turf/helpers": "npm:^6.5.0"
    "@turf/nearest-point": "npm:^6.5.0"
  checksum: e83a0c7647419adaf22fd80dd2314273b56a201f49a6b5dcfc3f77bbb97719d6869701e23f8ceefd9e14d615ef62872a04ec7d9593dd1585ee5c568c0af1964f
  languageName: node
  linkType: hard

"@types/geojson@npm:*":
  version: 7946.0.8
  resolution: "@types/geojson@npm:7946.0.8"
  checksum: 6049a39b025cfe323d5cf87333d87c133ec963cdbd349c49295bee779827ee4b46a3041fd8bd2e7a4b02d6d1e26f3002968875928941bbed08477bfd5f6f9284
  languageName: node
  linkType: hard

"@types/geojson@npm:^1.0.2":
  version: 1.0.6
  resolution: "@types/geojson@npm:1.0.6"
  checksum: 8d993275ca1bafae1e0b8db3146713eee60fd5cbc39efffaa9e7681b5b09576251c8f44b679ca8ab0042e5e6b14b81036193a2b80484c1f3d4db996e060a8716
  languageName: node
  linkType: hard

"@types/geojson@npm:^7946.0.10":
  version: 7946.0.10
  resolution: "@types/geojson@npm:7946.0.10"
  checksum: 12c407c2dc93ecb26c08af533ee732f1506a9b29456616ba7ba1d525df96206c28ddf44a528f6a5415d7d22893e9d967420940a9c095ee5e539c1eba5fefc1f4
  languageName: node
  linkType: hard

"@types/mapbox__point-geometry@npm:*, @types/mapbox__point-geometry@npm:^0.1.2":
  version: 0.1.2
  resolution: "@types/mapbox__point-geometry@npm:0.1.2"
  checksum: 6e495e5d7e1fae986ab28ee26b5443b9e6ba54ad97c9df051832ab6e2aafc65fe63d4dd80101c922372fa01423b6947fdcfd253f298b3154418c17e7d3a8aa47
  languageName: node
  linkType: hard

"@types/mapbox__vector-tile@npm:^1.3.0":
  version: 1.3.0
  resolution: "@types/mapbox__vector-tile@npm:1.3.0"
  dependencies:
    "@types/geojson": "npm:*"
    "@types/mapbox__point-geometry": "npm:*"
    "@types/pbf": "npm:*"
  checksum: 42fbeba625b6cb3bad47ea79b947aea2a1e32d0620b2f2e17a45cc075ca3be2990697115dd4896d84f11df7c0a9a3533ee76414745b8fd29cb311677b1c6832f
  languageName: node
  linkType: hard

"@types/pbf@npm:*, @types/pbf@npm:^3.0.2":
  version: 3.0.2
  resolution: "@types/pbf@npm:3.0.2"
  checksum: f71ba1facd44a43bd32d4391177099cab69b2ae8381a260382287a4f7f255565d39fa0cf5da27fd2820fc923ead245d50a668824aaa423f908838813802d47f5
  languageName: node
  linkType: hard

"@types/trusted-types@npm:^2.0.2":
  version: 2.0.2
  resolution: "@types/trusted-types@npm:2.0.2"
  checksum: 3371eef5f1c50e1c3c07a127c1207b262ba65b83dd167a1c460fc1b135a3fb0c97b9f508efebd383f239cc5dd5b7169093686a692a501fde9c3f7208657d9b0d
  languageName: node
  linkType: hard

"JSONStream@npm:0.8.0":
  version: 0.8.0
  resolution: "JSONStream@npm:0.8.0"
  dependencies:
    jsonparse: "npm:0.0.5"
    through: "npm:~2.2.7"
  checksum: 558cb0dc352f6bc27ab7009a0c2c9e57ea81c8df37215df1c8ef791dbc618597156a021c3f61cfdc67460b4772e5bd22db81044ad3e5619a6922219856ebf8af
  languageName: node
  linkType: hard

"ansicolors@npm:~0.2.1":
  version: 0.2.1
  resolution: "ansicolors@npm:0.2.1"
  checksum: 7120ca45a780cf17d786070874776637adcc107cf2bb9b38934f92d88cb5c3d16e1e7092708ba0f64f2031e6c10844c26e8a13d9e27f7b058c36ad8950cbfd02
  languageName: node
  linkType: hard

"bootstrap@npm:^5.2.0":
  version: 5.2.0
  resolution: "bootstrap@npm:5.2.0"
  peerDependencies:
    "@popperjs/core": ^2.11.5
  checksum: 9dbfb5d26bbdac3e27a6b46cb7456cd4dd75ae3b48644737809885b8ea9c265d3359c4cdbf25a55bb7e5046f51e441557033ba21eeaf24ef8316bfbb3d420084
  languageName: node
  linkType: hard

"buffer-from@npm:^1.0.0":
  version: 1.1.2
  resolution: "buffer-from@npm:1.1.2"
  checksum: 0448524a562b37d4d7ed9efd91685a5b77a50672c556ea254ac9a6d30e3403a517d8981f10e565db24e8339413b43c97ca2951f10e399c6125a0d8911f5679bb
  languageName: node
  linkType: hard

"cardinal@npm:~0.4.2":
  version: 0.4.4
  resolution: "cardinal@npm:0.4.4"
  dependencies:
    ansicolors: "npm:~0.2.1"
    redeyed: "npm:~0.4.0"
  bin:
    cdl: ./bin/cdl.js
  checksum: e5d8d574d916c776c5ae1e7b79d2194ad3b4da24ee8cab43a4d6af927cc505d3b2c2a38906ae1d5392f055d5af733722d5338bf16f75ff21d5b469c95a604224
  languageName: node
  linkType: hard

"concat-stream@npm:2.0.0":
  version: 2.0.0
  resolution: "concat-stream@npm:2.0.0"
  dependencies:
    buffer-from: "npm:^1.0.0"
    inherits: "npm:^2.0.3"
    readable-stream: "npm:^3.0.2"
    typedarray: "npm:^0.0.6"
  checksum: d7f75d48f0ecd356c1545d87e22f57b488172811b1181d96021c7c4b14ab8855f5313280263dca44bb06e5222f274d047da3e290a38841ef87b59719bde967c7
  languageName: node
  linkType: hard

"concat-stream@npm:~1.6.0":
  version: 1.6.2
  resolution: "concat-stream@npm:1.6.2"
  dependencies:
    buffer-from: "npm:^1.0.0"
    inherits: "npm:^2.0.3"
    readable-stream: "npm:^2.2.2"
    typedarray: "npm:^0.0.6"
  checksum: 1ef77032cb4459dcd5187bd710d6fc962b067b64ec6a505810de3d2b8cc0605638551b42f8ec91edf6fcd26141b32ef19ad749239b58fae3aba99187adc32285
  languageName: node
  linkType: hard

"core-util-is@npm:~1.0.0":
  version: 1.0.3
  resolution: "core-util-is@npm:1.0.3"
  checksum: 9de8597363a8e9b9952491ebe18167e3b36e7707569eed0ebf14f8bba773611376466ae34575bca8cfe3c767890c859c74056084738f09d4e4a6f902b2ad7d99
  languageName: node
  linkType: hard

"csscolorparser@npm:~1.0.3":
  version: 1.0.3
  resolution: "csscolorparser@npm:1.0.3"
  checksum: e40f3045ea15c7e7eaa78e110412fe8b820d47b698c1eb1d1e7ecb42703bf447406a24304b891ae9df61e85d947f33fc67bd0120c7f9e3a5183e6e0b9afff92c
  languageName: node
  linkType: hard

"domelementtype@npm:1":
  version: 1.3.1
  resolution: "domelementtype@npm:1.3.1"
  checksum: 7893da40218ae2106ec6ffc146b17f203487a52f5228b032ea7aa470e41dfe03e1bd762d0ee0139e792195efda765434b04b43cddcf63207b098f6ae44b36ad6
  languageName: node
  linkType: hard

"domhandler@npm:2.2":
  version: 2.2.1
  resolution: "domhandler@npm:2.2.1"
  dependencies:
    domelementtype: "npm:1"
  checksum: 3850cf5c543d0b93e201b8387fddbefc910a243afa4613b54f651619315945707c74b1d62ad6d0be0ff94b517cba706dfb2b8e22c9dfdb18f467c8e99b11febd
  languageName: node
  linkType: hard

"domutils@npm:1.3":
  version: 1.3.0
  resolution: "domutils@npm:1.3.0"
  dependencies:
    domelementtype: "npm:1"
  checksum: 0172fb70711053ed98e0452a123d5390893b1303e8d9e2e116e3a432bbb0ed5694541ad7b9b3142511a67aa9f6a09168140f45a9e72c002c5e90921d397339b6
  languageName: node
  linkType: hard

"dotenv@npm:^16.0.1":
  version: 16.0.1
  resolution: "dotenv@npm:16.0.1"
  checksum: f459ffce07b977b7f15d8cc4ee69cdff77d4dd8c5dc8c85d2d485ee84655352c2415f9dd09d42b5b5985ced3be186130871b34e2f3e2569ebc72fbc2e8096792
  languageName: node
  linkType: hard

"earcut@npm:^2.2.4":
  version: 2.2.4
  resolution: "earcut@npm:2.2.4"
  checksum: aea0466cb2f24e0c3c57148d8d28ac9846f53c4f43ee66780826474303ac851b305ef988152d0bdeb31e8f7ca939dc0df737e7505cfb1c1bdf2ff9d7f9ea2faa
  languageName: node
  linkType: hard

"esbuild-android-64@npm:0.15.2":
  version: 0.15.2
  resolution: "esbuild-android-64@npm:0.15.2"
  conditions: os=android & cpu=x64
  languageName: node
  linkType: hard

"esbuild-android-arm64@npm:0.15.2":
  version: 0.15.2
  resolution: "esbuild-android-arm64@npm:0.15.2"
  conditions: os=android & cpu=arm64
  languageName: node
  linkType: hard

"esbuild-darwin-64@npm:0.15.2":
  version: 0.15.2
  resolution: "esbuild-darwin-64@npm:0.15.2"
  conditions: os=darwin & cpu=x64
  languageName: node
  linkType: hard

"esbuild-darwin-arm64@npm:0.15.2":
  version: 0.15.2
  resolution: "esbuild-darwin-arm64@npm:0.15.2"
  conditions: os=darwin & cpu=arm64
  languageName: node
  linkType: hard

"esbuild-freebsd-64@npm:0.15.2":
  version: 0.15.2
  resolution: "esbuild-freebsd-64@npm:0.15.2"
  conditions: os=freebsd & cpu=x64
  languageName: node
  linkType: hard

"esbuild-freebsd-arm64@npm:0.15.2":
  version: 0.15.2
  resolution: "esbuild-freebsd-arm64@npm:0.15.2"
  conditions: os=freebsd & cpu=arm64
  languageName: node
  linkType: hard

"esbuild-linux-32@npm:0.15.2":
  version: 0.15.2
  resolution: "esbuild-linux-32@npm:0.15.2"
  conditions: os=linux & cpu=ia32
  languageName: node
  linkType: hard

"esbuild-linux-64@npm:0.15.2":
  version: 0.15.2
  resolution: "esbuild-linux-64@npm:0.15.2"
  conditions: os=linux & cpu=x64
  languageName: node
  linkType: hard

"esbuild-linux-arm64@npm:0.15.2":
  version: 0.15.2
  resolution: "esbuild-linux-arm64@npm:0.15.2"
  conditions: os=linux & cpu=arm64
  languageName: node
  linkType: hard

"esbuild-linux-arm@npm:0.15.2":
  version: 0.15.2
  resolution: "esbuild-linux-arm@npm:0.15.2"
  conditions: os=linux & cpu=arm
  languageName: node
  linkType: hard

"esbuild-linux-mips64le@npm:0.15.2":
  version: 0.15.2
  resolution: "esbuild-linux-mips64le@npm:0.15.2"
  conditions: os=linux & cpu=mips64el
  languageName: node
  linkType: hard

"esbuild-linux-ppc64le@npm:0.15.2":
  version: 0.15.2
  resolution: "esbuild-linux-ppc64le@npm:0.15.2"
  conditions: os=linux & cpu=ppc64
  languageName: node
  linkType: hard

"esbuild-linux-riscv64@npm:0.15.2":
  version: 0.15.2
  resolution: "esbuild-linux-riscv64@npm:0.15.2"
  conditions: os=linux & cpu=riscv64
  languageName: node
  linkType: hard

"esbuild-linux-s390x@npm:0.15.2":
  version: 0.15.2
  resolution: "esbuild-linux-s390x@npm:0.15.2"
  conditions: os=linux & cpu=s390x
  languageName: node
  linkType: hard

"esbuild-netbsd-64@npm:0.15.2":
  version: 0.15.2
  resolution: "esbuild-netbsd-64@npm:0.15.2"
  conditions: os=netbsd & cpu=x64
  languageName: node
  linkType: hard

"esbuild-openbsd-64@npm:0.15.2":
  version: 0.15.2
  resolution: "esbuild-openbsd-64@npm:0.15.2"
  conditions: os=openbsd & cpu=x64
  languageName: node
  linkType: hard

"esbuild-sunos-64@npm:0.15.2":
  version: 0.15.2
  resolution: "esbuild-sunos-64@npm:0.15.2"
  conditions: os=sunos & cpu=x64
  languageName: node
  linkType: hard

"esbuild-windows-32@npm:0.15.2":
  version: 0.15.2
  resolution: "esbuild-windows-32@npm:0.15.2"
  conditions: os=win32 & cpu=ia32
  languageName: node
  linkType: hard

"esbuild-windows-64@npm:0.15.2":
  version: 0.15.2
  resolution: "esbuild-windows-64@npm:0.15.2"
  conditions: os=win32 & cpu=x64
  languageName: node
  linkType: hard

"esbuild-windows-arm64@npm:0.15.2":
  version: 0.15.2
  resolution: "esbuild-windows-arm64@npm:0.15.2"
  conditions: os=win32 & cpu=arm64
  languageName: node
  linkType: hard

"esbuild@npm:latest":
  version: 0.15.2
  resolution: "esbuild@npm:0.15.2"
  dependencies:
    "@esbuild/linux-loong64": 0.15.2
    esbuild-android-64: 0.15.2
    esbuild-android-arm64: 0.15.2
    esbuild-darwin-64: 0.15.2
    esbuild-darwin-arm64: 0.15.2
    esbuild-freebsd-64: 0.15.2
    esbuild-freebsd-arm64: 0.15.2
    esbuild-linux-32: 0.15.2
    esbuild-linux-64: 0.15.2
    esbuild-linux-arm: 0.15.2
    esbuild-linux-arm64: 0.15.2
    esbuild-linux-mips64le: 0.15.2
    esbuild-linux-ppc64le: 0.15.2
    esbuild-linux-riscv64: 0.15.2
    esbuild-linux-s390x: 0.15.2
    esbuild-netbsd-64: 0.15.2
    esbuild-openbsd-64: 0.15.2
    esbuild-sunos-64: 0.15.2
    esbuild-windows-32: 0.15.2
    esbuild-windows-64: 0.15.2
    esbuild-windows-arm64: 0.15.2
  dependenciesMeta:
    "@esbuild/linux-loong64":
      optional: true
    esbuild-android-64:
      optional: true
    esbuild-android-arm64:
      optional: true
    esbuild-darwin-64:
      optional: true
    esbuild-darwin-arm64:
      optional: true
    esbuild-freebsd-64:
      optional: true
    esbuild-freebsd-arm64:
      optional: true
    esbuild-linux-32:
      optional: true
    esbuild-linux-64:
      optional: true
    esbuild-linux-arm:
      optional: true
    esbuild-linux-arm64:
      optional: true
    esbuild-linux-mips64le:
      optional: true
    esbuild-linux-ppc64le:
      optional: true
    esbuild-linux-riscv64:
      optional: true
    esbuild-linux-s390x:
      optional: true
    esbuild-netbsd-64:
      optional: true
    esbuild-openbsd-64:
      optional: true
    esbuild-sunos-64:
      optional: true
    esbuild-windows-32:
      optional: true
    esbuild-windows-64:
      optional: true
    esbuild-windows-arm64:
      optional: true
  bin:
    esbuild: bin/esbuild
  checksum: d9cbd5253d3264a1ab1290969f89a29e5d68e1b182886bf7093adbc9aeccff49f1bea9755240e08303561116a5c900d16d94702303f3f980a632687cb6b57bfc
  languageName: node
  linkType: hard

"esprima@npm:~1.0.4":
  version: 1.0.4
  resolution: "esprima@npm:1.0.4"
  bin:
    esparse: ./bin/esparse.js
    esvalidate: ./bin/esvalidate.js
  checksum: 6dcc6aa86ae37d1bb1f0f4d374fa9f0ca34d4293e80398cf4cd6fa4471a2be770cbf9ee9b2158b529888b5a9f0db7a4d7e78d4e88f8c90649b963d294c8a44ad
  languageName: node
  linkType: hard

"geojson-numeric@npm:0.2.1":
  version: 0.2.1
  resolution: "geojson-numeric@npm:0.2.1"
  dependencies:
    concat-stream: "npm:2.0.0"
    optimist: "npm:~0.3.5"
  bin:
    geojson-numeric: geojson-numeric
  checksum: bbef4f798b98bd7a2524065c092541056df9409f834497f8cec128fefea9b9115257fa2910f8161051507ab7d330ab0e49af25691c834bbcdaa92ee859f145cd
  languageName: node
  linkType: hard

"geojson-vt@npm:^3.2.1":
  version: 3.2.1
  resolution: "geojson-vt@npm:3.2.1"
  checksum: 7c7973cfaf9e3bb1c1dc9578ec00e602efb6f8d57f4dd7f6b28baeb7825bcaeb1684018b850211e333ab4b90a4a89a02ff7793732c505d67101ccbc38e307e02
  languageName: node
  linkType: hard

"get-stream@npm:^6.0.1":
  version: 6.0.1
  resolution: "get-stream@npm:6.0.1"
  checksum: e04ecece32c92eebf5b8c940f51468cd53554dcbb0ea725b2748be583c9523d00128137966afce410b9b051eb2ef16d657cd2b120ca8edafcf5a65e81af63cad
  languageName: node
  linkType: hard

"gl-matrix@npm:^3.4.3":
  version: 3.4.3
  resolution: "gl-matrix@npm:3.4.3"
  checksum: c47830ba727f3d0fab635c48135af96aef66274079a3e0afd6f68b68c98eae9fc1bcfdc7312fe2301e4fd22dd24c5e0f1b5d025960a208e50d07101ed8d940f9
  languageName: node
  linkType: hard

"htmlparser2@npm:3.5.1":
  version: 3.5.1
  resolution: "htmlparser2@npm:3.5.1"
  dependencies:
    domelementtype: "npm:1"
    domhandler: "npm:2.2"
    domutils: "npm:1.3"
    readable-stream: "npm:1.1"
  checksum: 63bd564500cbd0430cd25d0a164087adcc2f7f90ea3ea503b82965d45692cadf0e65d8a2da0215afca617c5a0ec5be85c93d0ac094ac146b56d948dd4cf9965f
  languageName: node
  linkType: hard

"ieee754@npm:^1.1.12":
  version: 1.2.1
  resolution: "ieee754@npm:1.2.1"
  checksum: 5144c0c9815e54ada181d80a0b810221a253562422e7c6c3a60b1901154184f49326ec239d618c416c1c5945a2e197107aee8d986a3dd836b53dffefd99b5e7e
  languageName: node
  linkType: hard

"inherits@npm:^2.0.3, inherits@npm:~2.0.1, inherits@npm:~2.0.3":
  version: 2.0.4
  resolution: "inherits@npm:2.0.4"
  checksum: 4a48a733847879d6cf6691860a6b1e3f0f4754176e4d71494c41f3475553768b10f84b5ce1d40fbd0e34e6bfbb864ee35858ad4dd2cf31e02fc4a154b724d7f1
  languageName: node
  linkType: hard

"isarray@npm:0.0.1":
  version: 0.0.1
  resolution: "isarray@npm:0.0.1"
  checksum: 49191f1425681df4a18c2f0f93db3adb85573bcdd6a4482539d98eac9e705d8961317b01175627e860516a2fc45f8f9302db26e5a380a97a520e272e2a40a8d4
  languageName: node
  linkType: hard

"isarray@npm:~1.0.0":
  version: 1.0.0
  resolution: "isarray@npm:1.0.0"
  checksum: f032df8e02dce8ec565cf2eb605ea939bdccea528dbcf565cdf92bfa2da9110461159d86a537388ef1acef8815a330642d7885b29010e8f7eac967c9993b65ab
  languageName: node
  linkType: hard

"jsonparse@npm:0.0.5":
  version: 0.0.5
  resolution: "jsonparse@npm:0.0.5"
  checksum: dd23da239778dd8e4fcbee7db1998628411877f13573991f93110ef5f9983db50ce2ff88853e1e8e59b86b5b3dcf854f804d9a928688d042a42d7cb6e3ed09cd
  languageName: node
  linkType: hard

"kdbush@npm:^3.0.0":
  version: 3.0.0
  resolution: "kdbush@npm:3.0.0"
  checksum: bc5fa433958e42664a8a92457e4f0d1db55b3b8e36956aac0102964adb2eab043bdbff156570dc8d867144ceff588fb7a1c6e099ba9be068cd1767a73e1ace92
  languageName: node
  linkType: hard

"lit-html@npm:^2.3.0":
  version: 2.3.0
  resolution: "lit-html@npm:2.3.0"
  dependencies:
    "@types/trusted-types": ^2.0.2
  checksum: 71b86f28461c61e1bf595a605409e4ce79edd2f70257e365899cddf64902c4879d4a05619a8f5026847046e92e26739a1e10e9460b3967e5974387ec10991723
  languageName: node
  linkType: hard

"maplibre-gl@npm:^2.2.1":
  version: 2.2.1
  resolution: "maplibre-gl@npm:2.2.1"
  dependencies:
    "@mapbox/geojson-rewind": "npm:^0.5.2"
    "@mapbox/jsonlint-lines-primitives": "npm:^2.0.2"
    "@mapbox/mapbox-gl-supported": "npm:^2.0.1"
    "@mapbox/point-geometry": "npm:^0.1.0"
    "@mapbox/tiny-sdf": "npm:^2.0.5"
    "@mapbox/unitbezier": "npm:^0.0.1"
    "@mapbox/vector-tile": "npm:^1.3.1"
    "@mapbox/whoots-js": "npm:^3.1.0"
    "@types/geojson": "npm:^7946.0.10"
    "@types/mapbox__point-geometry": "npm:^0.1.2"
    "@types/mapbox__vector-tile": "npm:^1.3.0"
    "@types/pbf": "npm:^3.0.2"
    csscolorparser: "npm:~1.0.3"
    earcut: "npm:^2.2.4"
    geojson-vt: "npm:^3.2.1"
    gl-matrix: "npm:^3.4.3"
    murmurhash-js: "npm:^1.0.0"
    pbf: "npm:^3.2.1"
    potpack: "npm:^1.0.2"
    quickselect: "npm:^2.0.0"
    supercluster: "npm:^7.1.5"
    tinyqueue: "npm:^2.0.3"
    vt-pbf: "npm:^3.1.3"
  checksum: 73512b4996991484a53783d7c6d99c62b6cadfd287f42d3eb8e8bee16adfe4a5bbd4c6cc0c0bce79564a7cb57a08806a16bcb2fd0b9eddb3b317509569388529
  languageName: node
  linkType: hard

"minimist@npm:0.0.5":
  version: 0.0.5
  resolution: "minimist@npm:0.0.5"
  checksum: f58a68c1edf373fde27fdc7931189cd099532cc62f0a70fe938a70479b1ed5fa920acd7bd704451d7499a06aa5649b9843cca6cc24811bb049d9435cf074f81a
  languageName: node
  linkType: hard

"minimist@npm:1.2.0":
  version: 1.2.0
  resolution: "minimist@npm:1.2.0"
  checksum: 72473f0fce6692cf1e134dfdccfcfddd64d354d465dac3e43053e0c6d398eb9684c9d964f666e3c1be93829de47cb1ddf3cd26d4071322ed25fbaa625441dd85
  languageName: node
  linkType: hard

"minimist@npm:^1.2.6":
  version: 1.2.6
  resolution: "minimist@npm:1.2.6"
  checksum: d15428cd1e11eb14e1233bcfb88ae07ed7a147de251441d61158619dfb32c4d7e9061d09cab4825fdee18ecd6fce323228c8c47b5ba7cd20af378ca4048fb3fb
  languageName: node
  linkType: hard

"murmurhash-js@npm:^1.0.0":
  version: 1.0.0
  resolution: "murmurhash-js@npm:1.0.0"
  checksum: 083cea92a11bc9eb25be1446fc92eded3f49731bc1ad34fa8023afd68c234d1dd59458d70eb20e667b1383bedeeb8dfb1a16c89913b6ffe3584fd22fb598739d
  languageName: node
  linkType: hard

"optimist@npm:~0.3.5":
  version: 0.3.7
  resolution: "optimist@npm:0.3.7"
  dependencies:
    wordwrap: "npm:~0.0.2"
  checksum: adc02acb8b76d242e56714b47c8c96916b25a5ac2da7b9f735e1f946a970f266f71d53eff0b61d9582ef948301e94734f03b784fa7c309aed0fe7db403d22046
  languageName: node
  linkType: hard

"osm-polygon-features@npm:^0.9.1":
  version: 0.9.2
  resolution: "osm-polygon-features@npm:0.9.2"
  checksum: 9e628c8387ef877a18736a264663081fd9100e9c2a73507e9fefe3b11ef1de113cdbc78ec889472bb06e5d1ba88dde418fee2ef97c1877a230710931307b94c6
  languageName: node
  linkType: hard

"osmtogeojson@npm:^3.0.0-beta.4":
  version: 3.0.0-beta.4
  resolution: "osmtogeojson@npm:3.0.0-beta.4"
  dependencies:
    "@mapbox/geojson-rewind": "npm:0.4.0"
    "@types/geojson": "npm:^1.0.2"
    JSONStream: "npm:0.8.0"
    concat-stream: "npm:2.0.0"
    geojson-numeric: "npm:0.2.1"
    htmlparser2: "npm:3.5.1"
    optimist: "npm:~0.3.5"
    osm-polygon-features: "npm:^0.9.1"
    tiny-osmpbf: "npm:^0.1.0"
    xmldom: "npm:~0.1.16"
  dependenciesMeta:
    "@types/geojson":
      optional: true
  bin:
    osmtogeojson: osmtogeojson
  checksum: ce2199680ef26a52a9b28add0de84e72f147fdce217b410a3b0b8338a13d25f67e765b5261ed427479749a33444fff26e73c93c9ed56666e6c7530fe826ed4ac
  languageName: node
  linkType: hard

"pbf@npm:^3.0.4, pbf@npm:^3.2.1":
  version: 3.2.1
  resolution: "pbf@npm:3.2.1"
  dependencies:
    ieee754: "npm:^1.1.12"
    resolve-protobuf-schema: "npm:^2.1.0"
  bin:
    pbf: bin/pbf
  checksum: 8033f5e21fffdc485e85d50bbff07ab3313c6841c3630a4ba9bc9e82d2e9005ab92000a1a90cb911223caa44316293e367bab607dd8110d5c771e6c8aaad63e1
  languageName: node
  linkType: hard

"potpack@npm:^1.0.2":
  version: 1.0.2
  resolution: "potpack@npm:1.0.2"
  checksum: 9dfdbbce012ce80842249abcdd89e20222eb8ae96beba8d578b7e41e78feefc7e33b5c72d46fb8dd3a1e382cb4da9c34574764d88aa8849ab36f542fd2088b42
  languageName: node
  linkType: hard

"prettier@npm:^2.7.1":
  version: 2.7.1
  resolution: "prettier@npm:2.7.1"
  bin:
    prettier: bin-prettier.js
  checksum: 55a4409182260866ab31284d929b3cb961e5fdb91fe0d2e099dac92eaecec890f36e524b4c19e6ceae839c99c6d7195817579cdffc8e2c80da0cb794463a748b
  languageName: node
  linkType: hard

"process-nextick-args@npm:~2.0.0":
  version: 2.0.1
  resolution: "process-nextick-args@npm:2.0.1"
  checksum: 1d38588e520dab7cea67cbbe2efdd86a10cc7a074c09657635e34f035277b59fbb57d09d8638346bf7090f8e8ebc070c96fa5fd183b777fff4f5edff5e9466cf
  languageName: node
  linkType: hard

"protocol-buffers-schema@npm:^3.3.1":
  version: 3.6.0
  resolution: "protocol-buffers-schema@npm:3.6.0"
  checksum: 8713b5770f6745ddbcdf3bbd03ee020624d506233bb567927a6615a6f69a5bd620a5f49597f34f4115792b853a4c9cb9e2d5d6b930a1c04bf198023e45c1c349
  languageName: node
  linkType: hard

"quickselect@npm:^2.0.0":
  version: 2.0.0
  resolution: "quickselect@npm:2.0.0"
  checksum: ed2e78431050d223fb75da20ee98011aef1a03f7cb04e1a32ee893402e640be3cfb76d72e9dbe01edf3bb457ff6a62e5c2d85748424d1aa531f6ba50daef098c
  languageName: node
  linkType: hard

"readable-stream@npm:1.1":
  version: 1.1.13
  resolution: "readable-stream@npm:1.1.13"
  dependencies:
    core-util-is: "npm:~1.0.0"
    inherits: "npm:~2.0.1"
    isarray: "npm:0.0.1"
    string_decoder: "npm:~0.10.x"
  checksum: 7048f0ffbd01e4221cbddfcb7c0e083b982d575ca97615985234b3e4767aed34104271043b92414d91bc5ab0b69c0545f7e4ea202186c6692465333a59948cad
  languageName: node
  linkType: hard

"readable-stream@npm:^2.2.2":
  version: 2.3.7
  resolution: "readable-stream@npm:2.3.7"
  dependencies:
    core-util-is: "npm:~1.0.0"
    inherits: "npm:~2.0.3"
    isarray: "npm:~1.0.0"
    process-nextick-args: "npm:~2.0.0"
    safe-buffer: "npm:~5.1.1"
    string_decoder: "npm:~1.1.1"
    util-deprecate: "npm:~1.0.1"
  checksum: e4920cf7549a60f8aaf694d483a0e61b2a878b969d224f89b3bc788b8d920075132c4b55a7494ee944c7b6a9a0eada28a7f6220d80b0312ece70bbf08eeca755
  languageName: node
  linkType: hard

"readable-stream@npm:^3.0.2":
  version: 3.6.0
  resolution: "readable-stream@npm:3.6.0"
  dependencies:
    inherits: "npm:^2.0.3"
    string_decoder: "npm:^1.1.1"
    util-deprecate: "npm:^1.0.1"
  checksum: d4ea81502d3799439bb955a3a5d1d808592cf3133350ed352aeaa499647858b27b1c4013984900238b0873ec8d0d8defce72469fb7a83e61d53f5ad61cb80dc8
  languageName: node
  linkType: hard

"redeyed@npm:~0.4.0":
  version: 0.4.4
  resolution: "redeyed@npm:0.4.4"
  dependencies:
    esprima: "npm:~1.0.4"
  checksum: d9f6961c3305fc71fe51c6f0171a900d3538e082a704b26e44e3d2390b6f84bb5404bcf029306880c81e64384ccdfaaeb930be3e8d501a6222b2fe46ab91de29
  languageName: node
  linkType: hard

"resolve-protobuf-schema@npm:^2.1.0":
  version: 2.1.0
  resolution: "resolve-protobuf-schema@npm:2.1.0"
  dependencies:
    protocol-buffers-schema: "npm:^3.3.1"
  checksum: 88fffab2a3757888884a36f9aa4e24be5186b01820a8c26297dc1ce406b9daf776594926bdf524c2c8e8e5b0aba8ac48362b6584cdecc9a7083215ebca01c599
  languageName: node
  linkType: hard

"root-workspace-0b6124@workspace:.":
  version: 0.0.0-use.local
  resolution: "root-workspace-0b6124@workspace:."
  dependencies:
    "@popperjs/core": ^2.11.6
    "@turf/bbox": ^6.5.0
    "@turf/helpers": ^6.5.0
    "@turf/meta": ^6.5.0
    "@turf/point-on-feature": ^6.5.0
    bootstrap: ^5.2.0
    dotenv: ^16.0.1
    esbuild: latest
    lit-html: ^2.3.0
    maplibre-gl: ^2.2.1
    osmtogeojson: ^3.0.0-beta.4
    prettier: ^2.7.1
  languageName: unknown
  linkType: soft

"safe-buffer@npm:~5.1.0, safe-buffer@npm:~5.1.1":
  version: 5.1.2
  resolution: "safe-buffer@npm:5.1.2"
  checksum: f2f1f7943ca44a594893a852894055cf619c1fbcb611237fc39e461ae751187e7baf4dc391a72125e0ac4fb2d8c5c0b3c71529622e6a58f46b960211e704903c
  languageName: node
  linkType: hard

"safe-buffer@npm:~5.2.0":
  version: 5.2.1
  resolution: "safe-buffer@npm:5.2.1"
  checksum: b99c4b41fdd67a6aaf280fcd05e9ffb0813654894223afb78a31f14a19ad220bba8aba1cb14eddce1fcfb037155fe6de4e861784eb434f7d11ed58d1e70dd491
  languageName: node
  linkType: hard

"sharkdown@npm:^0.1.0":
  version: 0.1.1
  resolution: "sharkdown@npm:0.1.1"
  dependencies:
    cardinal: "npm:~0.4.2"
    minimist: "npm:0.0.5"
    split: "npm:~0.2.10"
  bin:
    sharkdown: sharkdown
  checksum: b2c69d2d39755cf401334129efdfd70b50e62909e1b1b2d67e6ebe736982c8c997f752e4337e434007ee29eda73048bb15ffeb2afe10d1fcd3ac889200000065
  languageName: node
  linkType: hard

"split@npm:~0.2.10":
  version: 0.2.10
  resolution: "split@npm:0.2.10"
  dependencies:
    through: "npm:2"
  checksum: 9eb11956085125cfdce524dd671e436f3c52ee1745ec32902e7b290d3809ad9e4fbf5da58b9bd1e20a033ba9050a4e453bf6f49d50362bd98f60bf9b0d5986b4
  languageName: node
  linkType: hard

"string_decoder@npm:^1.1.1":
  version: 1.3.0
  resolution: "string_decoder@npm:1.3.0"
  dependencies:
    safe-buffer: "npm:~5.2.0"
  checksum: 8417646695a66e73aefc4420eb3b84cc9ffd89572861fe004e6aeb13c7bc00e2f616247505d2dbbef24247c372f70268f594af7126f43548565c68c117bdeb56
  languageName: node
  linkType: hard

"string_decoder@npm:~0.10.x":
  version: 0.10.31
  resolution: "string_decoder@npm:0.10.31"
  checksum: fe00f8e303647e5db919948ccb5ce0da7dea209ab54702894dd0c664edd98e5d4df4b80d6fabf7b9e92b237359d21136c95bf068b2f7760b772ca974ba970202
  languageName: node
  linkType: hard

"string_decoder@npm:~1.1.1":
  version: 1.1.1
  resolution: "string_decoder@npm:1.1.1"
  dependencies:
    safe-buffer: "npm:~5.1.0"
  checksum: 9ab7e56f9d60a28f2be697419917c50cac19f3e8e6c28ef26ed5f4852289fe0de5d6997d29becf59028556f2c62983790c1d9ba1e2a3cc401768ca12d5183a5b
  languageName: node
  linkType: hard

"supercluster@npm:^7.1.5":
  version: 7.1.5
  resolution: "supercluster@npm:7.1.5"
  dependencies:
    kdbush: "npm:^3.0.0"
  checksum: 69863238870093b96617135884721b6343746e14f396b2d67d6b55c52c362ec0516c5e386aa21815e75a9cef2054e831ac34023d0d8b600091d28cea0794f027
  languageName: node
  linkType: hard

"through@npm:2":
  version: 2.3.8
  resolution: "through@npm:2.3.8"
  checksum: a38c3e059853c494af95d50c072b83f8b676a9ba2818dcc5b108ef252230735c54e0185437618596c790bbba8fcdaef5b290405981ffa09dce67b1f1bf190cbd
  languageName: node
  linkType: hard

"through@npm:~2.2.7":
  version: 2.2.7
  resolution: "through@npm:2.2.7"
  checksum: f5de543edc64e8028c9552b98ec38be19839f10f68fb33d3852c8863d643b28952648c96b18b91122a6522911bce12f559e86d61e63ce5a6a199599c2bb5d45d
  languageName: node
  linkType: hard

"tiny-inflate@npm:^1.0.2":
  version: 1.0.3
  resolution: "tiny-inflate@npm:1.0.3"
  checksum: 4086a1f8938dafa4a20c63b099aeb47bf8fef5aca991bf4ea4b35dd2684fa52363b2c19b3e76660311e7613cb7c4f063bc48751b9bdf9555e498d997c30bc2d6
  languageName: node
  linkType: hard

"tiny-osmpbf@npm:^0.1.0":
  version: 0.1.0
  resolution: "tiny-osmpbf@npm:0.1.0"
  dependencies:
    pbf: "npm:^3.0.4"
    tiny-inflate: "npm:^1.0.2"
  checksum: d5bde28e89beaf98a96281caafac268dbdcee3ba701aabb97225abe8f20d49723e2ee27911073b9796e4da765ad57ac71f0f24da18c21182714f343ad2b9b584
  languageName: node
  linkType: hard

"tinyqueue@npm:^2.0.3":
  version: 2.0.3
  resolution: "tinyqueue@npm:2.0.3"
  checksum: 0b6bda46b680dca072f84aef1acd22a7085a2ff2aa8e222bb41045c61a056943805056d77d7f976587ed6a0597872beb5c416043f65f0314304432d6c178dd20
  languageName: node
  linkType: hard

"typedarray@npm:^0.0.6":
  version: 0.0.6
  resolution: "typedarray@npm:0.0.6"
  checksum: 33b39f3d0e8463985eeaeeacc3cb2e28bc3dfaf2a5ed219628c0b629d5d7b810b0eb2165f9f607c34871d5daa92ba1dc69f49051cf7d578b4cbd26c340b9d1b1
  languageName: node
  linkType: hard

"util-deprecate@npm:^1.0.1, util-deprecate@npm:~1.0.1":
  version: 1.0.2
  resolution: "util-deprecate@npm:1.0.2"
  checksum: 474acf1146cb2701fe3b074892217553dfcf9a031280919ba1b8d651a068c9b15d863b7303cb15bd00a862b498e6cf4ad7b4a08fb134edd5a6f7641681cb54a2
  languageName: node
  linkType: hard

"vt-pbf@npm:^3.1.3":
  version: 3.1.3
  resolution: "vt-pbf@npm:3.1.3"
  dependencies:
    "@mapbox/point-geometry": "npm:0.1.0"
    "@mapbox/vector-tile": "npm:^1.3.1"
    pbf: "npm:^3.2.1"
  checksum: 83375b7ffe2e92ab2a4c9924cf2cd80e311b38e9e616c244656140a76090c037c55a1b1379b234cb6567444f32e9cb40fd2c5b6e555ffff4330feba56250f90c
  languageName: node
  linkType: hard

"wgs84@npm:0.0.0":
  version: 0.0.0
  resolution: "wgs84@npm:0.0.0"
  checksum: 07d15bee8240ab123c90b80db590303d0d31c0a572b22b207d641772ce303e892c23c9ea66402ff59b9736b1be9bfc9d3db3b520c90abd08f1cdf0ee61e0649c
  languageName: node
  linkType: hard

"wordwrap@npm:~0.0.2":
  version: 0.0.3
  resolution: "wordwrap@npm:0.0.3"
  checksum: dfc2d3512e857ae4b3bc2e8d4e5d2c285c28a4b87cd1d81c977ce9a1a99152d355807e046851a3d61148f39d877fbb889352e07b65a9cbdd2256aa928e159026
  languageName: node
  linkType: hard

"xmldom@npm:~0.1.16":
  version: 0.1.31
  resolution: "xmldom@npm:0.1.31"
  checksum: 3073ca4a096892f86991ad0fce9aa1e874f16a974aa2c0911b1a218922d80fe3762b56aa3a2d9fe4a46d61416193c6dc0839776748b24e0cfb56197babf77a94
  languageName: node
  linkType: hard
