# THIS IS AN AUTOGENERATED FILE. DO NOT EDIT THIS FILE DIRECTLY.
# yarn lockfile v1


"@babel/runtime@^7.0.0", "@babel/runtime@^7.12.0", "@babel/runtime@^7.3.1":
  version "7.16.3"
  resolved "https://registry.yarnpkg.com/@babel/runtime/-/runtime-7.16.3.tgz#b86f0db02a04187a3c17caa77de69840165d42d5"
  integrity sha512-WBwekcqacdY2e9AF/Q7WLFUWmdJGJTkbjqTjoMDgXkVZ3ZRUvOPsLb5KdwISoQVsbP+DQzVZW4Zhci0DvpbNTQ==
  dependencies:
    regenerator-runtime "^0.13.4"

"@deck.gl/core@^8.6.4":
  version "8.6.4"
  resolved "https://registry.yarnpkg.com/@deck.gl/core/-/core-8.6.4.tgz#9d65c1979b9218ebdc8fbf91c3199031207f50d3"
  integrity sha512-veSW3VSOsm+mYzWIoqn6GZlRzADy2uX2xX4vOGZ06dCdSTrF6LqcyINsEftcqbpznME0ugpsTVIXj3P15LESQA==
  dependencies:
    "@loaders.gl/core" "^3.0.8"
    "@loaders.gl/images" "^3.0.8"
    "@luma.gl/core" "^8.5.10"
    "@math.gl/web-mercator" "^3.5.4"
    gl-matrix "^3.0.0"
    math.gl "^3.5.4"
    mjolnir.js "^2.5.0"
    probe.gl "^3.4.0"

"@deck.gl/layers@^8.6.4":
  version "8.6.4"
  resolved "https://registry.yarnpkg.com/@deck.gl/layers/-/layers-8.6.4.tgz#a18e71f20dc8e414f2b498eedb00e24c9b061f87"
  integrity sha512-G2L9r6O3NsmiIidFrqU5YUBZWnwnfOf5GVqBw6KOj9+b0HTPNLJ6xuswzGnjmf4fILgknOXtLm6IrLjLNoCCDw==
  dependencies:
    "@loaders.gl/images" "^3.0.8"
    "@mapbox/tiny-sdf" "^1.1.0"
    "@math.gl/polygon" "^3.5.4"
    earcut "^2.0.6"

"@loaders.gl/core@^3.0.8":
  version "3.0.13"
  resolved "https://registry.yarnpkg.com/@loaders.gl/core/-/core-3.0.13.tgz#95ae41beb9de17e029156345ef802bea56e9126a"
  integrity sha512-Bi+VeITyRJtQLLx9YARpb4JzFkhXmKDiS2JVxdg5mn4i1QrzrLM0hPbtb4H6sNJ9S0WhFe3ikrXenGo/DL/aNw==
  dependencies:
    "@babel/runtime" "^7.3.1"
    "@loaders.gl/loader-utils" "3.0.13"
    "@loaders.gl/worker-utils" "3.0.13"
    probe.gl "^3.4.0"

"@loaders.gl/images@^3.0.8":
  version "3.0.13"
  resolved "https://registry.yarnpkg.com/@loaders.gl/images/-/images-3.0.13.tgz#2bdafbf60758a46b8c7f157e43c568a02114b66b"
  integrity sha512-w4I80tUoVg7Df3OWnxbjZWgGEpf1pLqbxGC8j8lhB3na8n5CnEllt6iN94dnwawDlfDX9wTHXNNaCTIguYsv0Q==
  dependencies:
    "@loaders.gl/loader-utils" "3.0.13"

"@loaders.gl/loader-utils@3.0.13":
  version "3.0.13"
  resolved "https://registry.yarnpkg.com/@loaders.gl/loader-utils/-/loader-utils-3.0.13.tgz#d6970a00ddea775e9e80d3617bbd4ad2ef12a1b8"
  integrity sha512-tVDmytWaO1XHBV9F5UEQd55vAdnVDZhK2nUKY5oBfDlo1mG5PhXWOj2Za+yV4btMC86PWXYhLiUUgy+9vABPOw==
  dependencies:
    "@babel/runtime" "^7.3.1"
    "@loaders.gl/worker-utils" "3.0.13"
    "@probe.gl/stats" "^3.4.0"

"@loaders.gl/worker-utils@3.0.13":
  version "3.0.13"
  resolved "https://registry.yarnpkg.com/@loaders.gl/worker-utils/-/worker-utils-3.0.13.tgz#861f6ec62a617fb8eacd36f98c9f70b87782ef28"
  integrity sha512-QB4jZumKGsouJprPzNKnKXTXMLf89afBwmi4Rnnw4SVj49olPiAGh4FZjf00GHFHKZlvAj8LB5rfqwd+Te6IVA==
  dependencies:
    "@babel/runtime" "^7.3.1"

"@luma.gl/constants@8.5.10":
  version "8.5.10"
  resolved "https://registry.yarnpkg.com/@luma.gl/constants/-/constants-8.5.10.tgz#dd8b5ed786e372582a1a28e79c20481e363b4b50"
  integrity sha512-0OZnNbb8hF+ogr/Exr5KFEnSMQdCgjrbO2ZYeNIGO0UVMTu4oTSLfRcBxKUs1NzxG5RogyV8dL6ETQbkP5VAZw==

"@luma.gl/core@^8.5.10":
  version "8.5.10"
  resolved "https://registry.yarnpkg.com/@luma.gl/core/-/core-8.5.10.tgz#a4fdb8656e249b72b84addb0a9412ab91a65fc15"
  integrity sha512-NzzMnSgzPta3gMu8vSM/kWiY09HypHRXt4zw/xFX4geLeX4iXm7Jnm+eeaNpc/QH/yJ51+4bpvZml0P5NIukfQ==
  dependencies:
    "@babel/runtime" "^7.0.0"
    "@luma.gl/constants" "8.5.10"
    "@luma.gl/engine" "8.5.10"
    "@luma.gl/gltools" "8.5.10"
    "@luma.gl/shadertools" "8.5.10"
    "@luma.gl/webgl" "8.5.10"

"@luma.gl/engine@8.5.10":
  version "8.5.10"
  resolved "https://registry.yarnpkg.com/@luma.gl/engine/-/engine-8.5.10.tgz#4e8cdd8ffb0bd5e13e4e521f4e0b05c21a9805a6"
  integrity sha512-W3cPlabMl1g6dfAio4yGD9GohoMULXqsBm9P9WOh0KypQBw5pFlE2C/njY43YhfvnpMPDMUjjraYrEXa1fhaig==
  dependencies:
    "@babel/runtime" "^7.0.0"
    "@luma.gl/constants" "8.5.10"
    "@luma.gl/gltools" "8.5.10"
    "@luma.gl/shadertools" "8.5.10"
    "@luma.gl/webgl" "8.5.10"
    "@math.gl/core" "^3.5.0"
    probe.gl "^3.4.0"

"@luma.gl/gltools@8.5.10":
  version "8.5.10"
  resolved "https://registry.yarnpkg.com/@luma.gl/gltools/-/gltools-8.5.10.tgz#be47f64f215d97e8d5896ab14060078bd04fd12e"
  integrity sha512-XQFocLXvSYfkW2xL1I50nYrPwgyt1jvmzmood3RQBQMiBcgU1JFW2w4tU+V/C5QXcAWWVzm8aIBkuQsCo34zrQ==
  dependencies:
    "@babel/runtime" "^7.0.0"
    "@luma.gl/constants" "8.5.10"
    probe.gl "^3.4.0"

"@luma.gl/shadertools@8.5.10":
  version "8.5.10"
  resolved "https://registry.yarnpkg.com/@luma.gl/shadertools/-/shadertools-8.5.10.tgz#37a22f99298f917a2bddf4452f04eaec7066bf27"
  integrity sha512-Va/e7fHFI7ZWu03obtNlXN7noIUF1u9U3Pm6PVqeVi3Z24yWl/pFbb5/O1gn66LQZF6fpwoLGN7m4NGk2YyHyA==
  dependencies:
    "@babel/runtime" "^7.0.0"
    "@math.gl/core" "^3.5.0"

"@luma.gl/webgl@8.5.10":
  version "8.5.10"
  resolved "https://registry.yarnpkg.com/@luma.gl/webgl/-/webgl-8.5.10.tgz#8e39137978692c5695a2138a403837ad51a780a2"
  integrity sha512-8cCJ6aoKmVKvrYoPC6G1jHqMsfTGyn50YMmRkrk2Q79nBe531LZr+6EYXlqx2+AR9obKwTnhTPlxjKg5gR4rYg==
  dependencies:
    "@babel/runtime" "^7.0.0"
    "@luma.gl/constants" "8.5.10"
    "@luma.gl/gltools" "8.5.10"
    probe.gl "^3.4.0"

"@mapbox/geojson-area@0.2.2":
  version "0.2.2"
  resolved "https://registry.yarnpkg.com/@mapbox/geojson-area/-/geojson-area-0.2.2.tgz#18d7814aa36bf23fbbcc379f8e26a22927debf10"
  integrity sha1-GNeBSqNr8j+7zDefjiaiKSfevxA=
  dependencies:
    wgs84 "0.0.0"

"@mapbox/geojson-rewind@0.4.0":
  version "0.4.0"
  resolved "https://registry.yarnpkg.com/@mapbox/geojson-rewind/-/geojson-rewind-0.4.0.tgz#0d3632d4c1b4a928cf10a06ade387e1c8a8c181b"
  integrity sha512-b+1uPWBERW4Pet/969BNu61ZPDyH2ilIxBjJDFzxyS9TyszF9UrTQyYIl/G38clux3rtpAGGFSGTCSF/qR6UjA==
  dependencies:
    "@mapbox/geojson-area" "0.2.2"
    concat-stream "~1.6.0"
    minimist "1.2.0"
    sharkdown "^0.1.0"

"@mapbox/geojson-rewind@^0.5.0":
  version "0.5.1"
  resolved "https://registry.yarnpkg.com/@mapbox/geojson-rewind/-/geojson-rewind-0.5.1.tgz#adbe16dc683eb40e90934c51a5e28c7bbf44f4e1"
  integrity sha512-eL7fMmfTBKjrb+VFHXCGv9Ot0zc3C0U+CwXo1IrP+EPwDczLoXv34Tgq3y+2mPSFNVUXgU42ILWJTC7145KPTA==
  dependencies:
    get-stream "^6.0.1"
    minimist "^1.2.5"

"@mapbox/geojson-types@^1.0.2":
  version "1.0.2"
  resolved "https://registry.yarnpkg.com/@mapbox/geojson-types/-/geojson-types-1.0.2.tgz#9aecf642cb00eab1080a57c4f949a65b4a5846d6"
  integrity sha512-e9EBqHHv3EORHrSfbR9DqecPNn+AmuAoQxV6aL8Xu30bJMJR1o8PZLZzpk1Wq7/NfCbuhmakHTPYRhoqLsXRnw==

"@mapbox/jsonlint-lines-primitives@^2.0.2":
  version "2.0.2"
  resolved "https://registry.yarnpkg.com/@mapbox/jsonlint-lines-primitives/-/jsonlint-lines-primitives-2.0.2.tgz#ce56e539f83552b58d10d672ea4d6fc9adc7b234"
  integrity sha1-zlblOfg1UrWNENZy6k1vya3HsjQ=

"@mapbox/mapbox-gl-supported@^1.5.0":
  version "1.5.0"
  resolved "https://registry.yarnpkg.com/@mapbox/mapbox-gl-supported/-/mapbox-gl-supported-1.5.0.tgz#f60b6a55a5d8e5ee908347d2ce4250b15103dc8e"
  integrity sha512-/PT1P6DNf7vjEEiPkVIRJkvibbqWtqnyGaBz3nfRdcxclNSnSdaLU5tfAgcD7I8Yt5i+L19s406YLl1koLnLbg==

"@mapbox/point-geometry@0.1.0", "@mapbox/point-geometry@^0.1.0", "@mapbox/point-geometry@~0.1.0":
  version "0.1.0"
  resolved "https://registry.yarnpkg.com/@mapbox/point-geometry/-/point-geometry-0.1.0.tgz#8a83f9335c7860effa2eeeca254332aa0aeed8f2"
  integrity sha1-ioP5M1x4YO/6Lu7KJUMyqgru2PI=

"@mapbox/tiny-sdf@^1.1.0", "@mapbox/tiny-sdf@^1.1.1":
  version "1.2.5"
  resolved "https://registry.yarnpkg.com/@mapbox/tiny-sdf/-/tiny-sdf-1.2.5.tgz#424c620a96442b20402552be70a7f62a8407cc59"
  integrity sha512-cD8A/zJlm6fdJOk6DqPUV8mcpyJkRz2x2R+/fYcWDYG3oWbG7/L7Yl/WqQ1VZCjnL9OTIMAn6c+BC5Eru4sQEw==

"@mapbox/unitbezier@^0.0.0":
  version "0.0.0"
  resolved "https://registry.yarnpkg.com/@mapbox/unitbezier/-/unitbezier-0.0.0.tgz#15651bd553a67b8581fb398810c98ad86a34524e"
  integrity sha1-FWUb1VOme4WB+zmIEMmK2Go0Uk4=

"@mapbox/vector-tile@^1.3.1":
  version "1.3.1"
  resolved "https://registry.yarnpkg.com/@mapbox/vector-tile/-/vector-tile-1.3.1.tgz#d3a74c90402d06e89ec66de49ec817ff53409666"
  integrity sha512-MCEddb8u44/xfQ3oD+Srl/tNcQoqTw3goGk2oLsrFxOTc3dUp+kAnby3PvAeeBYSMSjSPD1nd1AJA6W49WnoUw==
  dependencies:
    "@mapbox/point-geometry" "~0.1.0"

"@mapbox/whoots-js@^3.1.0":
  version "3.1.0"
  resolved "https://registry.yarnpkg.com/@mapbox/whoots-js/-/whoots-js-3.1.0.tgz#497c67a1cef50d1a2459ba60f315e448d2ad87fe"
  integrity sha512-Es6WcD0nO5l+2BOQS4uLfNPYQaNDfbot3X1XUoloz+x0mPDS3eeORZJl06HXjwBG1fOGwCRnzK88LMdxKRrd6Q==

"@math.gl/core@3.5.6", "@math.gl/core@^3.5.0":
  version "3.5.6"
  resolved "https://registry.yarnpkg.com/@math.gl/core/-/core-3.5.6.tgz#d849db978d7d4a4984bb63868adc693975d97ce7"
  integrity sha512-UGCKtJUBA9MBswclK6l8DuZqLcEnqlSfI57WzSDUB/Nki4tHfmdImJyhp8ky9W4cIahV1YLMhHRK1oRpLeC1sw==
  dependencies:
    "@babel/runtime" "^7.12.0"
    gl-matrix "~3.3.0"

"@math.gl/polygon@^3.5.4":
  version "3.5.6"
  resolved "https://registry.yarnpkg.com/@math.gl/polygon/-/polygon-3.5.6.tgz#af33fa8a60c89176ff178f322d3005d1cea2311f"
  integrity sha512-CUGPmD8Y9elPRsb4+wG0nuElbEYcTK+Azks96M9zleMaOACUDqUY6D4rDtqpyEIeqcun85Aq+7eV/rjVMahWgA==
  dependencies:
    "@math.gl/core" "3.5.6"

"@math.gl/web-mercator@^3.5.4":
  version "3.5.6"
  resolved "https://registry.yarnpkg.com/@math.gl/web-mercator/-/web-mercator-3.5.6.tgz#3bdc62f578bc0f360bb3c2866d015065b869cc20"
  integrity sha512-siWHLJGp9o8fDEM1t0Rby+JXftl6il0z3927liWGzkHqFftXPHY858ShPy45ThDU8q5lyCftg8aVgrv4nfD+Zw==
  dependencies:
    "@babel/runtime" "^7.12.0"
    gl-matrix "~3.3.0"

"@probe.gl/stats@3.4.1", "@probe.gl/stats@^3.4.0":
  version "3.4.1"
  resolved "https://registry.yarnpkg.com/@probe.gl/stats/-/stats-3.4.1.tgz#5bc0ec5f87ae3195c22a98363e9c15031fbfe8e8"
  integrity sha512-1Ol5cH8MQqIrGNgU4NCBj2cw1qiXYfHP1QCFX+u/xyrvgwLkPrOGkdSYMzw4VKTjJzNae4i7urOTf2m2hduZzQ==
  dependencies:
    "@babel/runtime" "^7.0.0"

"@types/geojson@^1.0.2":
  version "1.0.6"
  resolved "https://registry.yarnpkg.com/@types/geojson/-/geojson-1.0.6.tgz#3e02972728c69248c2af08d60a48cbb8680fffdf"
  integrity sha512-Xqg/lIZMrUd0VRmSRbCAewtwGZiAk3mEUDvV4op1tGl+LvyPcb/MIOSxTl9z+9+J+R4/vpjiCAT4xeKzH9ji1w==

JSONStream@0.8.0:
  version "0.8.0"
  resolved "https://registry.yarnpkg.com/JSONStream/-/JSONStream-0.8.0.tgz#efc462d5a5bc94ec007f4b22571acd7f6f2ae013"
  integrity sha1-78Ri1aW8lOwAf0siVxrNf28q4BM=
  dependencies:
    jsonparse "0.0.5"
    through "~2.2.7"

ansicolors@~0.2.1:
  version "0.2.1"
  resolved "https://registry.yarnpkg.com/ansicolors/-/ansicolors-0.2.1.tgz#be089599097b74a5c9c4a84a0cdbcdb62bd87aef"
  integrity sha1-vgiVmQl7dKXJxKhKDNvNtivYeu8=

bootstrap@^5.1.3:
  version "5.1.3"
  resolved "https://registry.yarnpkg.com/bootstrap/-/bootstrap-5.1.3.tgz#ba081b0c130f810fa70900acbc1c6d3c28fa8f34"
  integrity sha512-fcQztozJ8jToQWXxVuEyXWW+dSo8AiXWKwiSSrKWsRB/Qt+Ewwza+JWoLKiTuQLaEPhdNAJ7+Dosc9DOIqNy7Q==

buffer-from@^1.0.0:
  version "1.1.2"
  resolved "https://registry.yarnpkg.com/buffer-from/-/buffer-from-1.1.2.tgz#2b146a6fd72e80b4f55d255f35ed59a3a9a41bd5"
  integrity sha512-E+XQCRwSbaaiChtv6k6Dwgc+bx+Bs6vuKJHHl5kox/BaKbhiXzqQOwK4cO22yElGp2OCmjwVhT3HmxgyPGnJfQ==

cardinal@~0.4.2:
  version "0.4.4"
  resolved "https://registry.yarnpkg.com/cardinal/-/cardinal-0.4.4.tgz#ca5bb68a5b511b90fe93b9acea49bdee5c32bfe2"
  integrity sha1-ylu2iltRG5D+k7ms6km97lwyv+I=
  dependencies:
    ansicolors "~0.2.1"
    redeyed "~0.4.0"

concat-stream@2.0.0:
  version "2.0.0"
  resolved "https://registry.yarnpkg.com/concat-stream/-/concat-stream-2.0.0.tgz#414cf5af790a48c60ab9be4527d56d5e41133cb1"
  integrity sha512-MWufYdFw53ccGjCA+Ol7XJYpAlW6/prSMzuPOTRnJGcGzuhLn4Scrz7qf6o8bROZ514ltazcIFJZevcfbo0x7A==
  dependencies:
    buffer-from "^1.0.0"
    inherits "^2.0.3"
    readable-stream "^3.0.2"
    typedarray "^0.0.6"

concat-stream@~1.6.0:
  version "1.6.2"
  resolved "https://registry.yarnpkg.com/concat-stream/-/concat-stream-1.6.2.tgz#904bdf194cd3122fc675c77fc4ac3d4ff0fd1a34"
  integrity sha512-27HBghJxjiZtIk3Ycvn/4kbJk/1uZuJFfuPEns6LaEvpvG1f0hTea8lilrouyo9mVc2GWdcEZ8OLoGmSADlrCw==
  dependencies:
    buffer-from "^1.0.0"
    inherits "^2.0.3"
    readable-stream "^2.2.2"
    typedarray "^0.0.6"

core-util-is@~1.0.0:
  version "1.0.3"
  resolved "https://registry.yarnpkg.com/core-util-is/-/core-util-is-1.0.3.tgz#a6042d3634c2b27e9328f837b965fac83808db85"
  integrity sha512-ZQBvi1DcpJ4GDqanjucZ2Hj3wEO5pZDS89BWbkcrvdxksJorwUDDZamX9ldFkp9aw2lmBDLgkObEA4DWNJ9FYQ==

csscolorparser@~1.0.3:
  version "1.0.3"
  resolved "https://registry.yarnpkg.com/csscolorparser/-/csscolorparser-1.0.3.tgz#b34f391eea4da8f3e98231e2ccd8df9c041f171b"
  integrity sha1-s085HupNqPPpgjHizNjfnAQfFxs=

domelementtype@1:
  version "1.3.1"
  resolved "https://registry.yarnpkg.com/domelementtype/-/domelementtype-1.3.1.tgz#d048c44b37b0d10a7f2a3d5fee3f4333d790481f"
  integrity sha512-BSKB+TSpMpFI/HOxCNr1O8aMOTZ8hT3pM3GQ0w/mWRmkhEDSFJkkyzz4XQsBV44BChwGkrDfMyjVD0eA2aFV3w==

domhandler@2.2:
  version "2.2.1"
  resolved "https://registry.yarnpkg.com/domhandler/-/domhandler-2.2.1.tgz#59df9dcd227e808b365ae73e1f6684ac3d946fc2"
  integrity sha1-Wd+dzSJ+gIs2Wuc+H2aErD2Ub8I=
  dependencies:
    domelementtype "1"

domutils@1.3:
  version "1.3.0"
  resolved "https://registry.yarnpkg.com/domutils/-/domutils-1.3.0.tgz#9ad4d59b5af6ca684c62fe6d768ef170e70df192"
  integrity sha1-mtTVm1r2ymhMYv5tdo7xcOcN8ZI=
  dependencies:
    domelementtype "1"

earcut@^2.0.6, earcut@^2.2.2:
  version "2.2.3"
  resolved "https://registry.yarnpkg.com/earcut/-/earcut-2.2.3.tgz#d44ced2ff5a18859568e327dd9c7d46b16f55cf4"
  integrity sha512-iRDI1QeCQIhMCZk48DRDMVgQSSBDmbzzNhnxIo+pwx3swkfjMh6vh0nWLq1NdvGHLKH6wIrAM3vQWeTj6qeoug==

esbuild-android-arm64@0.14.2:
  version "0.14.2"
  resolved "https://registry.yarnpkg.com/esbuild-android-arm64/-/esbuild-android-arm64-0.14.2.tgz#256b7cf2f9d382a2a92a4ff4e13187587c9b7c6a"
  integrity sha512-hEixaKMN3XXCkoe+0WcexO4CcBVU5DCSUT+7P8JZiWZCbAjSkc9b6Yz2X5DSfQmRCtI/cQRU6TfMYrMQ5NBfdw==

esbuild-darwin-64@0.14.2:
  version "0.14.2"
  resolved "https://registry.yarnpkg.com/esbuild-darwin-64/-/esbuild-darwin-64-0.14.2.tgz#891a59ce6bc3aded0265f982469b3eb9571b92f8"
  integrity sha512-Uq8t0cbJQkxkQdbUfOl2wZqZ/AtLZjvJulR1HHnc96UgyzG9YlCLSDMiqjM+NANEy7/zzvwKJsy3iNC9wwqLJA==

esbuild-darwin-arm64@0.14.2:
  version "0.14.2"
  resolved "https://registry.yarnpkg.com/esbuild-darwin-arm64/-/esbuild-darwin-arm64-0.14.2.tgz#ab834fffa9c612b2901ca1e77e4695d4d8aa63a2"
  integrity sha512-619MSa17sr7YCIrUj88KzQu2ESA4jKYtIYfLU/smX6qNgxQt3Y/gzM4s6sgJ4fPQzirvmXgcHv1ZNQAs/Xh48A==

esbuild-freebsd-64@0.14.2:
  version "0.14.2"
  resolved "https://registry.yarnpkg.com/esbuild-freebsd-64/-/esbuild-freebsd-64-0.14.2.tgz#f7fc87a83f02de27d5a48472571efa1a432ae86d"
  integrity sha512-aP6FE/ZsChZpUV6F3HE3x1Pz0paoYXycJ7oLt06g0G9dhJKknPawXCqQg/WMyD+ldCEZfo7F1kavenPdIT/SGQ==

esbuild-freebsd-arm64@0.14.2:
  version "0.14.2"
  resolved "https://registry.yarnpkg.com/esbuild-freebsd-arm64/-/esbuild-freebsd-arm64-0.14.2.tgz#bc8758420431106751f3180293cac0b5bc4ce2ee"
  integrity sha512-LSm98WTb1QIhyS83+Po0KTpZNdd2XpVpI9ua5rLWqKWbKeNRFwOsjeiuwBaRNc+O32s9oC2ZMefETxHBV6VNkQ==

esbuild-linux-32@0.14.2:
  version "0.14.2"
  resolved "https://registry.yarnpkg.com/esbuild-linux-32/-/esbuild-linux-32-0.14.2.tgz#0cc2dcd816d6d66e255bc7aeac139b1d04246812"
  integrity sha512-8VxnNEyeUbiGflTKcuVc5JEPTqXfsx2O6ABwUbfS1Hp26lYPRPC7pKQK5Dxa0MBejGc50jy7YZae3EGQUQ8EkQ==

esbuild-linux-64@0.14.2:
  version "0.14.2"
  resolved "https://registry.yarnpkg.com/esbuild-linux-64/-/esbuild-linux-64-0.14.2.tgz#c790f739aa75b15c153609ea3457153fbe4db93d"
  integrity sha512-4bzMS2dNxOJoFIiHId4w+tqQzdnsch71JJV1qZnbnErSFWcR9lRgpSqWnTTFtv6XM+MvltRzSXC5wQ7AEBY6Hg==

esbuild-linux-arm64@0.14.2:
  version "0.14.2"
  resolved "https://registry.yarnpkg.com/esbuild-linux-arm64/-/esbuild-linux-arm64-0.14.2.tgz#96858a1f89ad30274dec780d0e3dd8b5691c6b0c"
  integrity sha512-RlIVp0RwJrdtasDF1vTFueLYZ8WuFzxoQ1OoRFZOTyJHCGCNgh7xJIC34gd7B7+RT0CzLBB4LcM5n0LS+hIoww==

esbuild-linux-arm@0.14.2:
  version "0.14.2"
  resolved "https://registry.yarnpkg.com/esbuild-linux-arm/-/esbuild-linux-arm-0.14.2.tgz#03e193225afa9b1215d2ec6efe8edf0c03eeed6f"
  integrity sha512-PaylahvMHhH8YMfJPMKEqi64qA0Su+d4FNfHKvlKes/2dUe4QxgbwXT9oLVgy8iJdcFMrO7By4R8fS8S0p8aVQ==

esbuild-linux-mips64le@0.14.2:
  version "0.14.2"
  resolved "https://registry.yarnpkg.com/esbuild-linux-mips64le/-/esbuild-linux-mips64le-0.14.2.tgz#972f218d2cb5125237376d40ad60a6e5356a782c"
  integrity sha512-Fdwrq2roFnO5oetIiUQQueZ3+5soCxBSJswg3MvYaXDomj47BN6oAWMZgLrFh1oVrtWrxSDLCJBenYdbm2s+qQ==

esbuild-linux-ppc64le@0.14.2:
  version "0.14.2"
  resolved "https://registry.yarnpkg.com/esbuild-linux-ppc64le/-/esbuild-linux-ppc64le-0.14.2.tgz#20b71622ac09142b0e523f633af0829def7fed6b"
  integrity sha512-vxptskw8JfCDD9QqpRO0XnsM1osuWeRjPaXX1TwdveLogYsbdFtcuiuK/4FxGiNMUr1ojtnCS2rMPbY8puc5NA==

esbuild-netbsd-64@0.14.2:
  version "0.14.2"
  resolved "https://registry.yarnpkg.com/esbuild-netbsd-64/-/esbuild-netbsd-64-0.14.2.tgz#dbd6a25117902ef67aa11d8779dd9c6bca7fbe82"
  integrity sha512-I8+LzYK5iSNpspS9eCV9sW67Rj8FgMHimGri4mKiGAmN0pNfx+hFX146rYtzGtewuxKtTsPywWteHx+hPRLDsw==

esbuild-openbsd-64@0.14.2:
  version "0.14.2"
  resolved "https://registry.yarnpkg.com/esbuild-openbsd-64/-/esbuild-openbsd-64-0.14.2.tgz#3c5f199eed459b2f88865548394c0b77383d9ca4"
  integrity sha512-120HgMe9elidWUvM2E6mMf0csrGwx8sYDqUIJugyMy1oHm+/nT08bTAVXuwYG/rkMIqsEO9AlMxuYnwR6En/3Q==

esbuild-sunos-64@0.14.2:
  version "0.14.2"
  resolved "https://registry.yarnpkg.com/esbuild-sunos-64/-/esbuild-sunos-64-0.14.2.tgz#900a681db6b76c6a7f60fc28d2bfe5b11698641c"
  integrity sha512-Q3xcf9Uyfra9UuCFxoLixVvdigo0daZaKJ97TL2KNA4bxRUPK18wwGUk3AxvgDQZpRmg82w9PnkaNYo7a+24ow==

esbuild-windows-32@0.14.2:
  version "0.14.2"
  resolved "https://registry.yarnpkg.com/esbuild-windows-32/-/esbuild-windows-32-0.14.2.tgz#61e0ba5bd95b277a55d2b997ac4c04dfe2559220"
  integrity sha512-TW7O49tPsrq+N1sW8mb3m24j/iDGa4xzAZH4wHWwoIzgtZAYPKC0hpIhufRRG/LA30bdMChO9pjJZ5mtcybtBQ==

esbuild-windows-64@0.14.2:
  version "0.14.2"
  resolved "https://registry.yarnpkg.com/esbuild-windows-64/-/esbuild-windows-64-0.14.2.tgz#6ab59ef721ff75c682a1c8ae0570dabb637abddb"
  integrity sha512-Rym6ViMNmi1E2QuQMWy0AFAfdY0wGwZD73BnzlsQBX5hZBuy/L+Speh7ucUZ16gwsrMM9v86icZUDrSN/lNBKg==

esbuild-windows-arm64@0.14.2:
  version "0.14.2"
  resolved "https://registry.yarnpkg.com/esbuild-windows-arm64/-/esbuild-windows-arm64-0.14.2.tgz#aca2a4f83d2f0d1592ad4be832ed0045fc888cda"
  integrity sha512-ZrLbhr0vX5Em/P1faMnHucjVVWPS+m3tktAtz93WkMZLmbRJevhiW1y4CbulBd2z0MEdXZ6emDa1zFHq5O5bSA==

esbuild@^0.14.2:
  version "0.14.2"
  resolved "https://registry.yarnpkg.com/esbuild/-/esbuild-0.14.2.tgz#9c1e1a652549cc33e44885eea42ea2cc6267edc2"
  integrity sha512-l076A6o/PIgcyM24s0dWmDI/b8RQf41uWoJu9I0M71CtW/YSw5T5NUeXxs5lo2tFQD+O4CW4nBHJXx3OY5NpXg==
  optionalDependencies:
    esbuild-android-arm64 "0.14.2"
    esbuild-darwin-64 "0.14.2"
    esbuild-darwin-arm64 "0.14.2"
    esbuild-freebsd-64 "0.14.2"
    esbuild-freebsd-arm64 "0.14.2"
    esbuild-linux-32 "0.14.2"
    esbuild-linux-64 "0.14.2"
    esbuild-linux-arm "0.14.2"
    esbuild-linux-arm64 "0.14.2"
    esbuild-linux-mips64le "0.14.2"
    esbuild-linux-ppc64le "0.14.2"
    esbuild-netbsd-64 "0.14.2"
    esbuild-openbsd-64 "0.14.2"
    esbuild-sunos-64 "0.14.2"
    esbuild-windows-32 "0.14.2"
    esbuild-windows-64 "0.14.2"
    esbuild-windows-arm64 "0.14.2"

esprima@~1.0.4:
  version "1.0.4"
  resolved "https://registry.yarnpkg.com/esprima/-/esprima-1.0.4.tgz#9f557e08fc3b4d26ece9dd34f8fbf476b62585ad"
  integrity sha1-n1V+CPw7TSbs6d00+Pv0drYlha0=

geojson-numeric@0.2.1:
  version "0.2.1"
  resolved "https://registry.yarnpkg.com/geojson-numeric/-/geojson-numeric-0.2.1.tgz#2c8c032f792cca0747a6e02ffa86c00ee3d2df6c"
  integrity sha512-rvItMp3W7pe16o2EQTnRw54v6WHdiE4bYjUsdr3FZskFb6oPC7gjLe4zginP+Wd1B/HLl2acTukfn16Lmwn7lg==
  dependencies:
    concat-stream "2.0.0"
    optimist "~0.3.5"

geojson-vt@^3.2.1:
  version "3.2.1"
  resolved "https://registry.yarnpkg.com/geojson-vt/-/geojson-vt-3.2.1.tgz#f8adb614d2c1d3f6ee7c4265cad4bbf3ad60c8b7"
  integrity sha512-EvGQQi/zPrDA6zr6BnJD/YhwAkBP8nnJ9emh3EnHQKVMfg/MRVtPbMYdgVy/IaEmn4UfagD2a6fafPDL5hbtwg==

get-stream@^6.0.1:
  version "6.0.1"
  resolved "https://registry.yarnpkg.com/get-stream/-/get-stream-6.0.1.tgz#a262d8eef67aced57c2852ad6167526a43cbf7b7"
  integrity sha512-ts6Wi+2j3jQjqi70w5AlN8DFnkSwC+MqmxEzdEALB2qXZYV3X/b1CTfgPLGJNMeAWxdPfU8FO1ms3NUfaHCPYg==

gl-matrix@^3.0.0, gl-matrix@^3.2.1:
  version "3.4.3"
  resolved "https://registry.yarnpkg.com/gl-matrix/-/gl-matrix-3.4.3.tgz#fc1191e8320009fd4d20e9339595c6041ddc22c9"
  integrity sha512-wcCp8vu8FT22BnvKVPjXa/ICBWRq/zjFfdofZy1WSpQZpphblv12/bOQLBC1rMM7SGOFS9ltVmKOHil5+Ml7gA==

gl-matrix@~3.3.0:
  version "3.3.0"
  resolved "https://registry.yarnpkg.com/gl-matrix/-/gl-matrix-3.3.0.tgz#232eef60b1c8b30a28cbbe75b2caf6c48fd6358b"
  integrity sha512-COb7LDz+SXaHtl/h4LeaFcNdJdAQSDeVqjiIihSXNrkWObZLhDI4hIkZC11Aeqp7bcE72clzB0BnDXr2SmslRA==

grid-index@^1.1.0:
  version "1.1.0"
  resolved "https://registry.yarnpkg.com/grid-index/-/grid-index-1.1.0.tgz#97f8221edec1026c8377b86446a7c71e79522ea7"
  integrity sha512-HZRwumpOGUrHyxO5bqKZL0B0GlUpwtCAzZ42sgxUPniu33R1LSFH5yrIcBCHjkctCAh3mtWKcKd9J4vDDdeVHA==

hammerjs@^2.0.8:
  version "2.0.8"
  resolved "https://registry.yarnpkg.com/hammerjs/-/hammerjs-2.0.8.tgz#04ef77862cff2bb79d30f7692095930222bf60f1"
  integrity sha1-BO93hiz/K7edMPdpIJWTAiK/YPE=

htmlparser2@3.5.1:
  version "3.5.1"
  resolved "https://registry.yarnpkg.com/htmlparser2/-/htmlparser2-3.5.1.tgz#6f42f7657dd19c13f7d65de9118417394a0be6d0"
  integrity sha1-b0L3ZX3RnBP31l3pEYQXOUoL5tA=
  dependencies:
    domelementtype "1"
    domhandler "2.2"
    domutils "1.3"
    readable-stream "1.1"

ieee754@^1.1.12:
  version "1.2.1"
  resolved "https://registry.yarnpkg.com/ieee754/-/ieee754-1.2.1.tgz#8eb7a10a63fff25d15a57b001586d177d1b0d352"
  integrity sha512-dcyqhDvX1C46lXZcVqCpK+FtMRQVdIMN6/Df5js2zouUsqG7I6sFxitIC+7KYK29KdXOLHdu9zL4sFnoVQnqaA==

inherits@^2.0.3, inherits@~2.0.1, inherits@~2.0.3:
  version "2.0.4"
  resolved "https://registry.yarnpkg.com/inherits/-/inherits-2.0.4.tgz#0fa2c64f932917c3433a0ded55363aae37416b7c"
  integrity sha512-k/vGaX4/Yla3WzyMCvTQOXYeIHvqOKtnqBduzTHpzpQZzAskKMhZ2K+EnBiSM9zGSoIFeMpXKxa4dYeZIQqewQ==

isarray@0.0.1:
  version "0.0.1"
  resolved "https://registry.yarnpkg.com/isarray/-/isarray-0.0.1.tgz#8a18acfca9a8f4177e09abfc6038939b05d1eedf"
  integrity sha1-ihis/Kmo9Bd+Cav8YDiTmwXR7t8=

isarray@~1.0.0:
  version "1.0.0"
  resolved "https://registry.yarnpkg.com/isarray/-/isarray-1.0.0.tgz#bb935d48582cba168c06834957a54a3e07124f11"
  integrity sha1-u5NdSFgsuhaMBoNJV6VKPgcSTxE=

jsonparse@0.0.5:
  version "0.0.5"
  resolved "https://registry.yarnpkg.com/jsonparse/-/jsonparse-0.0.5.tgz#330542ad3f0a654665b778f3eb2d9a9fa507ac64"
  integrity sha1-MwVCrT8KZUZlt3jz6y2an6UHrGQ=

kdbush@^3.0.0:
  version "3.0.0"
  resolved "https://registry.yarnpkg.com/kdbush/-/kdbush-3.0.0.tgz#f8484794d47004cc2d85ed3a79353dbe0abc2bf0"
  integrity sha512-hRkd6/XW4HTsA9vjVpY9tuXJYLSlelnkTmVFu4M9/7MIYQtFcHpbugAU7UbOfjOiVSVYl2fqgBuJ32JUmRo5Ew==

maplibre-gl@^1.15.2:
  version "1.15.2"
  resolved "https://registry.yarnpkg.com/maplibre-gl/-/maplibre-gl-1.15.2.tgz#7fb47868b62455af916c090903f2154394450f9c"
  integrity sha512-uPeV530apb4JfX3cRFfE+awFnbcJTOnCv2QvY4mw4huiInbybElWYkNzTs324YLSADq0f4bidRoYcR81ho3aLA==
  dependencies:
    "@mapbox/geojson-rewind" "^0.5.0"
    "@mapbox/geojson-types" "^1.0.2"
    "@mapbox/jsonlint-lines-primitives" "^2.0.2"
    "@mapbox/mapbox-gl-supported" "^1.5.0"
    "@mapbox/point-geometry" "^0.1.0"
    "@mapbox/tiny-sdf" "^1.1.1"
    "@mapbox/unitbezier" "^0.0.0"
    "@mapbox/vector-tile" "^1.3.1"
    "@mapbox/whoots-js" "^3.1.0"
    csscolorparser "~1.0.3"
    earcut "^2.2.2"
    geojson-vt "^3.2.1"
    gl-matrix "^3.2.1"
    grid-index "^1.1.0"
    minimist "^1.2.5"
    murmurhash-js "^1.0.0"
    pbf "^3.2.1"
    potpack "^1.0.1"
    quickselect "^2.0.0"
    rw "^1.3.3"
    supercluster "^7.1.0"
    tinyqueue "^2.0.3"
    vt-pbf "^3.1.1"

math.gl@^3.5.4:
  version "3.5.6"
  resolved "https://registry.yarnpkg.com/math.gl/-/math.gl-3.5.6.tgz#805ac7444f8e5b339e88989c0fbcb9870774e315"
  integrity sha512-+IzdFaQk46iYU85XObRNqnb5NUQon+rWDPnCoEIOKOKdykr2gJ15BcVjEs0ZvH4EDv5K/JVmLkWzY/6DCEx2Fw==
  dependencies:
    "@math.gl/core" "3.5.6"

minimist@0.0.5:
  version "0.0.5"
  resolved "https://registry.yarnpkg.com/minimist/-/minimist-0.0.5.tgz#d7aa327bcecf518f9106ac6b8f003fa3bcea8566"
  integrity sha1-16oye87PUY+RBqxrjwA/o7zqhWY=

minimist@1.2.0:
  version "1.2.0"
  resolved "https://registry.yarnpkg.com/minimist/-/minimist-1.2.0.tgz#a35008b20f41383eec1fb914f4cd5df79a264284"
  integrity sha1-o1AIsg9BOD7sH7kU9M1d95omQoQ=

minimist@^1.2.5:
  version "1.2.5"
  resolved "https://registry.yarnpkg.com/minimist/-/minimist-1.2.5.tgz#67d66014b66a6a8aaa0c083c5fd58df4e4e97602"
  integrity sha512-FM9nNUYrRBAELZQT3xeZQ7fmMOBg6nWNmJKTcgsJeaLstP/UODVpGsr5OhXhhXg6f+qtJ8uiZ+PUxkDWcgIXLw==

mjolnir.js@^2.5.0:
  version "2.6.0"
  resolved "https://registry.yarnpkg.com/mjolnir.js/-/mjolnir.js-2.6.0.tgz#0a199f71434b5f183248e1a9bb06a3b4e5533ecb"
  integrity sha512-rGA7+BJKvXI0ypxQD/+rQE/sW26kmc8UIZWhmQrjhwCf/zvhbcBlsu2vPB6w0Kv/rVnVFEONTSQqC0vFEpQvIA==
  dependencies:
    "@babel/runtime" "^7.0.0"
    hammerjs "^2.0.8"

murmurhash-js@^1.0.0:
  version "1.0.0"
  resolved "https://registry.yarnpkg.com/murmurhash-js/-/murmurhash-js-1.0.0.tgz#b06278e21fc6c37fa5313732b0412bcb6ae15f51"
  integrity sha1-sGJ44h/Gw3+lMTcysEEry2rhX1E=

optimist@~0.3.5:
  version "0.3.7"
  resolved "https://registry.yarnpkg.com/optimist/-/optimist-0.3.7.tgz#c90941ad59e4273328923074d2cf2e7cbc6ec0d9"
  integrity sha1-yQlBrVnkJzMokjB00s8ufLxuwNk=
  dependencies:
    wordwrap "~0.0.2"

osm-polygon-features@^0.9.1:
  version "0.9.2"
  resolved "https://registry.yarnpkg.com/osm-polygon-features/-/osm-polygon-features-0.9.2.tgz#20ae41130c486e49a3b2a3c2b58a1419c4986778"
  integrity sha1-IK5BEwxIbkmjsqPCtYoUGcSYZ3g=

osmtogeojson@^3.0.0-beta.4:
  version "3.0.0-beta.4"
  resolved "https://registry.yarnpkg.com/osmtogeojson/-/osmtogeojson-3.0.0-beta.4.tgz#00e270af7c080bd3bc503bd612fa5b90a1c95d50"
  integrity sha512-GwNy2w5JKOplOBspagcNhCDhBRV6Du2BCvcLkaA7nX12U86Dl2Ciw9zs/VzFFTXfyZlaK+7bGCWN2SNlfn/jOA==
  dependencies:
    "@mapbox/geojson-rewind" "0.4.0"
    JSONStream "0.8.0"
    concat-stream "2.0.0"
    geojson-numeric "0.2.1"
    htmlparser2 "3.5.1"
    optimist "~0.3.5"
    osm-polygon-features "^0.9.1"
    tiny-osmpbf "^0.1.0"
    xmldom "~0.1.16"
  optionalDependencies:
    "@types/geojson" "^1.0.2"

pbf@^3.0.4, pbf@^3.2.1:
  version "3.2.1"
  resolved "https://registry.yarnpkg.com/pbf/-/pbf-3.2.1.tgz#b4c1b9e72af966cd82c6531691115cc0409ffe2a"
  integrity sha512-ClrV7pNOn7rtmoQVF4TS1vyU0WhYRnP92fzbfF75jAIwpnzdJXf8iTd4CMEqO4yUenH6NDqLiwjqlh6QgZzgLQ==
  dependencies:
    ieee754 "^1.1.12"
    resolve-protobuf-schema "^2.1.0"

potpack@^1.0.1:
  version "1.0.2"
  resolved "https://registry.yarnpkg.com/potpack/-/potpack-1.0.2.tgz#23b99e64eb74f5741ffe7656b5b5c4ddce8dfc14"
  integrity sha512-choctRBIV9EMT9WGAZHn3V7t0Z2pMQyl0EZE6pFc/6ml3ssw7Dlf/oAOvFwjm1HVsqfQN8GfeFyJ+d8tRzqueQ==

prettier@^2.5.1:
  version "2.5.1"
  resolved "https://registry.yarnpkg.com/prettier/-/prettier-2.5.1.tgz#fff75fa9d519c54cf0fce328c1017d94546bc56a"
  integrity sha512-vBZcPRUR5MZJwoyi3ZoyQlc1rXeEck8KgeC9AwwOn+exuxLxq5toTRDTSaVrXHxelDMHy9zlicw8u66yxoSUFg==

probe.gl@^3.4.0:
  version "3.4.1"
  resolved "https://registry.yarnpkg.com/probe.gl/-/probe.gl-3.4.1.tgz#88d8629fbac5a627049d6fdc6b8c364d56f00815"
  integrity sha512-k/6YoZr6cBwnFpQLs/s4yZ8cCxapQzRrxl16EQg1b2wYXLlerDJ4PkNoQ3YDN9yu3Jcipipr+Avy1GRpyBF6ZA==
  dependencies:
    "@babel/runtime" "^7.0.0"
    "@probe.gl/stats" "3.4.1"

process-nextick-args@~2.0.0:
  version "2.0.1"
  resolved "https://registry.yarnpkg.com/process-nextick-args/-/process-nextick-args-2.0.1.tgz#7820d9b16120cc55ca9ae7792680ae7dba6d7fe2"
  integrity sha512-3ouUOpQhtgrbOa17J7+uxOTpITYWaGP7/AhoR3+A+/1e9skrzelGi/dXzEYyvbxubEF6Wn2ypscTKiKJFFn1ag==

protocol-buffers-schema@^3.3.1:
  version "3.6.0"
  resolved "https://registry.yarnpkg.com/protocol-buffers-schema/-/protocol-buffers-schema-3.6.0.tgz#77bc75a48b2ff142c1ad5b5b90c94cd0fa2efd03"
  integrity sha512-TdDRD+/QNdrCGCE7v8340QyuXd4kIWIgapsE2+n/SaGiSSbomYl4TjHlvIoCWRpE7wFt02EpB35VVA2ImcBVqw==

quickselect@^2.0.0:
  version "2.0.0"
  resolved "https://registry.yarnpkg.com/quickselect/-/quickselect-2.0.0.tgz#f19680a486a5eefb581303e023e98faaf25dd018"
  integrity sha512-RKJ22hX8mHe3Y6wH/N3wCM6BWtjaxIyyUIkpHOvfFnxdI4yD4tBXEBKSbriGujF6jnSVkJrffuo6vxACiSSxIw==

readable-stream@1.1:
  version "1.1.13"
  resolved "https://registry.yarnpkg.com/readable-stream/-/readable-stream-1.1.13.tgz#f6eef764f514c89e2b9e23146a75ba106756d23e"
  integrity sha1-9u73ZPUUyJ4rniMUanW6EGdW0j4=
  dependencies:
    core-util-is "~1.0.0"
    inherits "~2.0.1"
    isarray "0.0.1"
    string_decoder "~0.10.x"

readable-stream@^2.2.2:
  version "2.3.7"
  resolved "https://registry.yarnpkg.com/readable-stream/-/readable-stream-2.3.7.tgz#1eca1cf711aef814c04f62252a36a62f6cb23b57"
  integrity sha512-Ebho8K4jIbHAxnuxi7o42OrZgF/ZTNcsZj6nRKyUmkhLFq8CHItp/fy6hQZuZmP/n3yZ9VBUbp4zz/mX8hmYPw==
  dependencies:
    core-util-is "~1.0.0"
    inherits "~2.0.3"
    isarray "~1.0.0"
    process-nextick-args "~2.0.0"
    safe-buffer "~5.1.1"
    string_decoder "~1.1.1"
    util-deprecate "~1.0.1"

readable-stream@^3.0.2:
  version "3.6.0"
  resolved "https://registry.yarnpkg.com/readable-stream/-/readable-stream-3.6.0.tgz#337bbda3adc0706bd3e024426a286d4b4b2c9198"
  integrity sha512-BViHy7LKeTz4oNnkcLJ+lVSL6vpiFeX6/d3oSH8zCW7UxP2onchk+vTGB143xuFjHS3deTgkKoXXymXqymiIdA==
  dependencies:
    inherits "^2.0.3"
    string_decoder "^1.1.1"
    util-deprecate "^1.0.1"

redeyed@~0.4.0:
  version "0.4.4"
  resolved "https://registry.yarnpkg.com/redeyed/-/redeyed-0.4.4.tgz#37e990a6f2b21b2a11c2e6a48fd4135698cba97f"
  integrity sha1-N+mQpvKyGyoRwuakj9QTVpjLqX8=
  dependencies:
    esprima "~1.0.4"

regenerator-runtime@^0.13.4:
  version "0.13.9"
  resolved "https://registry.yarnpkg.com/regenerator-runtime/-/regenerator-runtime-0.13.9.tgz#8925742a98ffd90814988d7566ad30ca3b263b52"
  integrity sha512-p3VT+cOEgxFsRRA9X4lkI1E+k2/CtnKtU4gcxyaCUreilL/vqI6CdZ3wxVUx3UOUg+gnUOQQcRI7BmSI656MYA==

resolve-protobuf-schema@^2.1.0:
  version "2.1.0"
  resolved "https://registry.yarnpkg.com/resolve-protobuf-schema/-/resolve-protobuf-schema-2.1.0.tgz#9ca9a9e69cf192bbdaf1006ec1973948aa4a3758"
  integrity sha512-kI5ffTiZWmJaS/huM8wZfEMer1eRd7oJQhDuxeCLe3t7N7mX3z94CN0xPxBQxFYQTSNz9T0i+v6inKqSdK8xrQ==
  dependencies:
    protocol-buffers-schema "^3.3.1"

rw@^1.3.3:
  version "1.3.3"
  resolved "https://registry.yarnpkg.com/rw/-/rw-1.3.3.tgz#3f862dfa91ab766b14885ef4d01124bfda074fb4"
  integrity sha1-P4Yt+pGrdmsUiF700BEkv9oHT7Q=

safe-buffer@~5.1.0, safe-buffer@~5.1.1:
  version "5.1.2"
  resolved "https://registry.yarnpkg.com/safe-buffer/-/safe-buffer-5.1.2.tgz#991ec69d296e0313747d59bdfd2b745c35f8828d"
  integrity sha512-Gd2UZBJDkXlY7GbJxfsE8/nvKkUEU1G38c1siN6QP6a9PT9MmHB8GnpscSmMJSoF8LOIrt8ud/wPtojys4G6+g==

safe-buffer@~5.2.0:
  version "5.2.1"
  resolved "https://registry.yarnpkg.com/safe-buffer/-/safe-buffer-5.2.1.tgz#1eaf9fa9bdb1fdd4ec75f58f9cdb4e6b7827eec6"
  integrity sha512-rp3So07KcdmmKbGvgaNxQSJr7bGVSVk5S9Eq1F+ppbRo70+YeaDxkw5Dd8NPN+GD6bjnYm2VuPuCXmpuYvmCXQ==

sharkdown@^0.1.0:
  version "0.1.1"
  resolved "https://registry.yarnpkg.com/sharkdown/-/sharkdown-0.1.1.tgz#64484bd0f08f347f8319e9ff947a670f6b48b1b2"
  integrity sha512-exwooSpmo5s45lrexgz6Q0rFQM574wYIX3iDZ7RLLqOb7IAoQZu9nxlZODU972g19sR69OIpKP2cpHTzU+PHIg==
  dependencies:
    cardinal "~0.4.2"
    minimist "0.0.5"
    split "~0.2.10"

split@~0.2.10:
  version "0.2.10"
  resolved "https://registry.yarnpkg.com/split/-/split-0.2.10.tgz#67097c601d697ce1368f418f06cd201cf0521a57"
  integrity sha1-Zwl8YB1pfOE2j0GPBs0gHPBSGlc=
  dependencies:
    through "2"

string_decoder@^1.1.1:
  version "1.3.0"
  resolved "https://registry.yarnpkg.com/string_decoder/-/string_decoder-1.3.0.tgz#42f114594a46cf1a8e30b0a84f56c78c3edac21e"
  integrity sha512-hkRX8U1WjJFd8LsDJ2yQ/wWWxaopEsABU1XfkM8A+j0+85JAGppt16cr1Whg6KIbb4okU6Mql6BOj+uup/wKeA==
  dependencies:
    safe-buffer "~5.2.0"

string_decoder@~0.10.x:
  version "0.10.31"
  resolved "https://registry.yarnpkg.com/string_decoder/-/string_decoder-0.10.31.tgz#62e203bc41766c6c28c9fc84301dab1c5310fa94"
  integrity sha1-YuIDvEF2bGwoyfyEMB2rHFMQ+pQ=

string_decoder@~1.1.1:
  version "1.1.1"
  resolved "https://registry.yarnpkg.com/string_decoder/-/string_decoder-1.1.1.tgz#9cf1611ba62685d7030ae9e4ba34149c3af03fc8"
  integrity sha512-n/ShnvDi6FHbbVfviro+WojiFzv+s8MPMHBczVePfUpDJLwoLT0ht1l4YwBCbi8pJAveEEdnkHyPyTP/mzRfwg==
  dependencies:
    safe-buffer "~5.1.0"

supercluster@^7.1.0:
  version "7.1.4"
  resolved "https://registry.yarnpkg.com/supercluster/-/supercluster-7.1.4.tgz#6762aabfd985d3390b49f13b815567d5116a828a"
  integrity sha512-GhKkRM1jMR6WUwGPw05fs66pOFWhf59lXq+Q3J3SxPvhNcmgOtLRV6aVQPMRsmXdpaeFJGivt+t7QXUPL3ff4g==
  dependencies:
    kdbush "^3.0.0"

through@2:
  version "2.3.8"
  resolved "https://registry.yarnpkg.com/through/-/through-2.3.8.tgz#0dd4c9ffaabc357960b1b724115d7e0e86a2e1f5"
  integrity sha1-DdTJ/6q8NXlgsbckEV1+Doai4fU=

through@~2.2.7:
  version "2.2.7"
  resolved "https://registry.yarnpkg.com/through/-/through-2.2.7.tgz#6e8e21200191d4eb6a99f6f010df46aa1c6eb2bd"
  integrity sha1-bo4hIAGR1OtqmfbwEN9Gqhxusr0=

tiny-inflate@^1.0.2:
  version "1.0.3"
  resolved "https://registry.yarnpkg.com/tiny-inflate/-/tiny-inflate-1.0.3.tgz#122715494913a1805166aaf7c93467933eea26c4"
  integrity sha512-pkY1fj1cKHb2seWDy0B16HeWyczlJA9/WW3u3c4z/NiWDsO3DOU5D7nhTLE9CF0yXv/QZFY7sEJmj24dK+Rrqw==

tiny-osmpbf@^0.1.0:
  version "0.1.0"
  resolved "https://registry.yarnpkg.com/tiny-osmpbf/-/tiny-osmpbf-0.1.0.tgz#0a895717113ebe6aae363c4be5eefa8ecdafb927"
  integrity sha1-ColXFxE+vmquNjxL5e76js2vuSc=
  dependencies:
    pbf "^3.0.4"
    tiny-inflate "^1.0.2"

tinyqueue@^2.0.3:
  version "2.0.3"
  resolved "https://registry.yarnpkg.com/tinyqueue/-/tinyqueue-2.0.3.tgz#64d8492ebf39e7801d7bd34062e29b45b2035f08"
  integrity sha512-ppJZNDuKGgxzkHihX8v9v9G5f+18gzaTfrukGrq6ueg0lmH4nqVnA2IPG0AEH3jKEk2GRJCUhDoqpoiw3PHLBA==

typedarray@^0.0.6:
  version "0.0.6"
  resolved "https://registry.yarnpkg.com/typedarray/-/typedarray-0.0.6.tgz#867ac74e3864187b1d3d47d996a78ec5c8830777"
  integrity sha1-hnrHTjhkGHsdPUfZlqeOxciDB3c=

util-deprecate@^1.0.1, util-deprecate@~1.0.1:
  version "1.0.2"
  resolved "https://registry.yarnpkg.com/util-deprecate/-/util-deprecate-1.0.2.tgz#450d4dc9fa70de732762fbd2d4a28981419a0ccf"
  integrity sha1-RQ1Nyfpw3nMnYvvS1KKJgUGaDM8=

vt-pbf@^3.1.1:
  version "3.1.3"
  resolved "https://registry.yarnpkg.com/vt-pbf/-/vt-pbf-3.1.3.tgz#68fd150756465e2edae1cc5c048e063916dcfaac"
  integrity sha512-2LzDFzt0mZKZ9IpVF2r69G9bXaP2Q2sArJCmcCgvfTdCCZzSyz4aCLoQyUilu37Ll56tCblIZrXFIjNUpGIlmA==
  dependencies:
    "@mapbox/point-geometry" "0.1.0"
    "@mapbox/vector-tile" "^1.3.1"
    pbf "^3.2.1"

wgs84@0.0.0:
  version "0.0.0"
  resolved "https://registry.yarnpkg.com/wgs84/-/wgs84-0.0.0.tgz#34fdc555917b6e57cf2a282ed043710c049cdc76"
  integrity sha1-NP3FVZF7blfPKigu0ENxDASc3HY=

wordwrap@~0.0.2:
  version "0.0.3"
  resolved "https://registry.yarnpkg.com/wordwrap/-/wordwrap-0.0.3.tgz#a3d5da6cd5c0bc0008d37234bbaf1bed63059107"
  integrity sha1-o9XabNXAvAAI03I0u68b7WMFkQc=

xmldom@~0.1.16:
  version "0.1.31"
  resolved "https://registry.yarnpkg.com/xmldom/-/xmldom-0.1.31.tgz#b76c9a1bd9f0a9737e5a72dc37231cf38375e2ff"
  integrity sha512-yS2uJflVQs6n+CyjHoaBmVSqIDevTAWrzMmjG1Gc7h1qQ7uVozNhEPJAwZXWyGQ/Gafo3fCwrcaokezLPupVyQ==
